
Microsoft Visual Studio Solution File, Format Version 12.00
# Visual Studio Version 17
VisualStudioVersion = 17.5.33516.290
MinimumVisualStudioVersion = 10.0.40219.1
Project("{8BC9CEB8-8B4A-11D0-8D11-00A0C91BC942}") = "1721. Swapping Nodes in a Linked List", "1721. Swapping Nodes in a Linked List\1721. Swapping Nodes in a Linked List.vcxproj", "{6FF62BF5-2652-48E8-8A77-D1758EFAD982}"
EndProject
Project("{8BC9CEB8-8B4A-11D0-8D11-00A0C91BC942}") = "24. Swap Nodes in Pairs", "24. Swap Nodes in Pairs\24. Swap Nodes in Pairs.vcxproj", "{08510630-C168-4E78-A828-0F143EDE5596}"
EndProject
Project("{8BC9CEB8-8B4A-11D0-8D11-00A0C91BC942}") = "2130. Maximum Twin Sum of a Linked List", "2130. Maximum Twin Sum of a Linked List\2130. Maximum Twin Sum of a Linked List.vcxproj", "{771B334B-1697-40D9-96DF-53CA40080A78}"
EndProject
Project("{8BC9CEB8-8B4A-11D0-8D11-00A0C91BC942}") = "1557. Minimum Number of Vertices to Reach All Nodes", "1557. Minimum Number of Vertices to Reach All Nodes\1557. Minimum Number of Vertices to Reach All Nodes.vcxproj", "{3F162494-5231-42C4-8A4A-A5895673C840}"
EndProject
Project("{8BC9CEB8-8B4A-11D0-8D11-00A0C91BC942}") = "785. Is Graph Bipartite", "785. Is Graph Bipartite\785. Is Graph Bipartite.vcxproj", "{7E85E29B-A6A7-455F-8F23-A05E6877659B}"
EndProject
Project("{8BC9CEB8-8B4A-11D0-8D11-00A0C91BC942}") = "347. Top K Frequent Elements", "347. Top K Frequent Elements\347. Top K Frequent Elements.vcxproj", "{D5A1F967-290A-4B8A-8E51-A29DFEE93C99}"
EndProject
Project("{8BC9CEB8-8B4A-11D0-8D11-00A0C91BC942}") = "2542. Maximum Subsequence Score", "2542. Maximum Subsequence Score\2542. Maximum Subsequence Score.vcxproj", "{0EC2E667-BD9B-4B5D-9D8D-62F04A2E189B}"
EndProject
Project("{8BC9CEB8-8B4A-11D0-8D11-00A0C91BC942}") = "1140. Stone Game II", "1140. Stone Game II\1140. Stone Game II.vcxproj", "{A0906202-9051-42FE-9FF9-08AE4E0FC5A5}"
EndProject
Project("{8BC9CEB8-8B4A-11D0-8D11-00A0C91BC942}") = "1406. Stone Game III", "1406. Stone Game III\1406. Stone Game III.vcxproj", "{86C8E934-ACD3-4301-9E9F-F9D4F8D15471}"
EndProject
Project("{8BC9CEB8-8B4A-11D0-8D11-00A0C91BC942}") = "1603. Design Parking System", "1603. Design Parking System\1603. Design Parking System.vcxproj", "{A812C3F7-D307-47A5-BACD-D286393A958F}"
EndProject
Project("{8BC9CEB8-8B4A-11D0-8D11-00A0C91BC942}") = "1396. Design Underground System", "1396. Design Underground System\1396. Design Underground System.vcxproj", "{D0F983AE-3F7B-46B1-8BD2-FCB9C0A27511}"
EndProject
Project("{8BC9CEB8-8B4A-11D0-8D11-00A0C91BC942}") = "705. Design HashSet", "705. Design HashSet\705. Design HashSet.vcxproj", "{1C94C941-299E-4030-9A0F-8CBE82F8CC41}"
EndProject
Project("{8BC9CEB8-8B4A-11D0-8D11-00A0C91BC942}") = "1091. Shortest Path in Binary Matrix", "1091. Shortest Path in Binary Matrix\1091. Shortest Path in Binary Matrix.vcxproj", "{0FD118E6-2A77-4F31-A961-F130023A1E5E}"
EndProject
Project("{8BC9CEB8-8B4A-11D0-8D11-00A0C91BC942}") = "1232. Check If It Is a Straight Line", "1232. Check If It Is a Straight Line\1232. Check If It Is a Straight Line.vcxproj", "{38413B67-E4DF-4CF6-84B4-1F8FB03BB678}"
EndProject
Project("{8BC9CEB8-8B4A-11D0-8D11-00A0C91BC942}") = "1502. Can Make Arithmetic Progression From Sequence", "1502. Can Make Arithmetic Progression From Sequence\1502. Can Make Arithmetic Progression From Sequence.vcxproj", "{F3CF460F-9F44-42FD-8F5D-977BE9BD81A1}"
EndProject
Project("{8BC9CEB8-8B4A-11D0-8D11-00A0C91BC942}") = "1. Two Sum", "1. Two Sum\1. Two Sum.vcxproj", "{0104CE09-D66D-4AC0-AD76-1B4213D874B8}"
EndProject
Project("{8BC9CEB8-8B4A-11D0-8D11-00A0C91BC942}") = "1318. Minimum Flips to Make a OR b Equal to c", "1318. Minimum Flips to Make a OR b Equal to c\1318. Minimum Flips to Make a OR b Equal to c.vcxproj", "{5BE53FE8-7503-4984-A6F6-08158D1D02F7}"
EndProject
Project("{8BC9CEB8-8B4A-11D0-8D11-00A0C91BC942}") = "1351. Count Negative Numbers in a Sorted Matrix", "1351. Count Negative Numbers in a Sorted Matrix\1351. Count Negative Numbers in a Sorted Matrix.vcxproj", "{F46D6D1E-AA72-4187-830A-E19BE682CFA9}"
EndProject
Project("{8BC9CEB8-8B4A-11D0-8D11-00A0C91BC942}") = "2. Add Two Numbers", "2. Add Two Numbers\2. Add Two Numbers.vcxproj", "{64CC726D-1351-483C-BA78-C907BE0B331A}"
EndProject
Project("{8BC9CEB8-8B4A-11D0-8D11-00A0C91BC942}") = "744. Find Smallest Letter Greater Than Target", "744. Find Smallest Letter Greater Than Target\744. Find Smallest Letter Greater Than Target.vcxproj", "{3ECE3AB4-BA7A-40C2-86A9-50A043F5B7CA}"
EndProject
Project("{8BC9CEB8-8B4A-11D0-8D11-00A0C91BC942}") = "5. Longest Palindromic Substring", "5. Longest Palindromic Substring\5. Longest Palindromic Substring.vcxproj", "{6745EADF-63A8-49EA-AAE0-1EA46938AE81}"
EndProject
Project("{8BC9CEB8-8B4A-11D0-8D11-00A0C91BC942}") = "1732. Find the Highest Altitude", "1732. Find the Highest Altitude\1732. Find the Highest Altitude.vcxproj", "{67D0B6C1-56FA-414F-B681-0B26389DA523}"
EndProject
Project("{8BC9CEB8-8B4A-11D0-8D11-00A0C91BC942}") = "1187. Make Array Strictly Increasing", "1187. Make Array Strictly Increasing\1187. Make Array Strictly Increasing.vcxproj", "{24154B4E-E142-4B21-BAD9-A1C364379BD1}"
EndProject
Project("{8BC9CEB8-8B4A-11D0-8D11-00A0C91BC942}") = "2090. K Radius Subarray Averages", "2090. K Radius Subarray Averages\2090. K Radius Subarray Averages.vcxproj", "{4311A5CD-2C2D-461C-B5A1-97E30158F7F5}"
EndProject
Project("{8BC9CEB8-8B4A-11D0-8D11-00A0C91BC942}") = "3. Longest Substring Without Repeating Characters", "3. Longest Substring Without Repeating Characters\3. Longest Substring Without Repeating Characters.vcxproj", "{0798E579-4674-4108-A441-60646335ADEF}"
EndProject
Project("{8BC9CEB8-8B4A-11D0-8D11-00A0C91BC942}") = "2448. Minimum Cost to Make Array Equal", "2448. Minimum Cost to Make Array Equal\2448. Minimum Cost to Make Array Equal.vcxproj", "{02CD2593-D502-45E2-AED0-CF7078162968}"
EndProject
Project("{8BC9CEB8-8B4A-11D0-8D11-00A0C91BC942}") = "714. Best Time to Buy and Sell Stock with Transaction Fee", "714. Best Time to Buy and Sell Stock with Transaction Fee\714. Best Time to Buy and Sell Stock with Transaction Fee.vcxproj", "{2DCB7552-773F-4BE5-A1CC-A1E36696C3F1}"
EndProject
Project("{8BC9CEB8-8B4A-11D0-8D11-00A0C91BC942}") = "1027. Longest Arithmetic Subsequence", "1027. Longest Arithmetic Subsequence\1027. Longest Arithmetic Subsequence.vcxproj", "{2F25055F-DC09-43F0-B160-DBEE6BE88468}"
EndProject
Project("{8BC9CEB8-8B4A-11D0-8D11-00A0C91BC942}") = "956. Tallest Billboard", "956. Tallest Billboard\956. Tallest Billboard.vcxproj", "{831362A3-A084-4384-83DE-7AE95230F33B}"
EndProject
Project("{8BC9CEB8-8B4A-11D0-8D11-00A0C91BC942}") = "2462. Total Cost to Hire K Workers", "2462. Total Cost to Hire K Workers\2462. Total Cost to Hire K Workers.vcxproj", "{596C2454-E54B-4E44-BBE9-F053288A77EB}"
EndProject
Project("{8BC9CEB8-8B4A-11D0-8D11-00A0C91BC942}") = "373. Find K Pairs with Smallest Sums", "373. Find K Pairs with Smallest Sums\373. Find K Pairs with Smallest Sums.vcxproj", "{748E208D-85B8-41CD-B949-CE6C21C8E382}"
EndProject
Project("{8BC9CEB8-8B4A-11D0-8D11-00A0C91BC942}") = "1514. Path with Maximum Probability", "1514. Path with Maximum Probability\1514. Path with Maximum Probability.vcxproj", "{79B7EDC4-2911-49CA-88D2-2AA263A19780}"
EndProject
Project("{8BC9CEB8-8B4A-11D0-8D11-00A0C91BC942}") = "864. Shortest Path to Get All Keys", "864. Shortest Path to Get All Keys\864. Shortest Path to Get All Keys.vcxproj", "{EE73766E-DA73-49EA-89B4-618989DA43F0}"
EndProject
Project("{8BC9CEB8-8B4A-11D0-8D11-00A0C91BC942}") = "1970. Last Day Where You Can Still Cross", "1970. Last Day Where You Can Still Cross\1970. Last Day Where You Can Still Cross.vcxproj", "{BE564E49-7F2D-4068-8239-529055AC1E69}"
EndProject
Project("{8BC9CEB8-8B4A-11D0-8D11-00A0C91BC942}") = "2305. Fair Distribution of Cookies", "2305. Fair Distribution of Cookies\2305. Fair Distribution of Cookies.vcxproj", "{87952944-E52C-4B83-84DD-B7F9D6BB4479}"
EndProject
Project("{8BC9CEB8-8B4A-11D0-8D11-00A0C91BC942}") = "859. Buddy Strings", "859. Buddy Strings\859. Buddy Strings.vcxproj", "{7E8BA1A8-642A-44D5-8C07-B1C552DE04A2}"
EndProject
Project("{8BC9CEB8-8B4A-11D0-8D11-00A0C91BC942}") = "137. Single Number II", "137. Single Number II\137. Single Number II.vcxproj", "{4A7F1BA2-EFDF-48DC-87C5-A73CDEB2FC70}"
EndProject
Project("{8BC9CEB8-8B4A-11D0-8D11-00A0C91BC942}") = "1493. Longest Subarray of 1's After Deleting One Element", "1493. Longest Subarray of 1's After Deleting One Element\1493. Longest Subarray of 1's After Deleting One Element.vcxproj", "{F75C0031-10B5-42D8-9207-1AAF31A9B5DF}"
EndProject
Project("{8BC9CEB8-8B4A-11D0-8D11-00A0C91BC942}") = "209. Minimum Size Subarray Sum", "209. Minimum Size Subarray Sum\209. Minimum Size Subarray Sum.vcxproj", "{DFF90B69-CAE3-42F0-8ED5-96EDCC3EBFD1}"
EndProject
Project("{8BC9CEB8-8B4A-11D0-8D11-00A0C91BC942}") = "2024. Maximize the Confusion of an Exam", "2024. Maximize the Confusion of an Exam\2024. Maximize the Confusion of an Exam.vcxproj", "{DC9BF6D7-58EA-4D1B-A83D-047797EECDA6}"
EndProject
Project("{8BC9CEB8-8B4A-11D0-8D11-00A0C91BC942}") = "863. All Nodes Distance K in Binary Tree", "863. All Nodes Distance K in Binary Tree\863. All Nodes Distance K in Binary Tree.vcxproj", "{0B2D22AE-A3F0-44ED-A9F1-F821590FB336}"
EndProject
Project("{8BC9CEB8-8B4A-11D0-8D11-00A0C91BC942}") = "111. Minimum Depth of Binary Tree", "111. Minimum Depth of Binary Tree\111. Minimum Depth of Binary Tree.vcxproj", "{D449971D-AAC9-4D11-B710-32AFA9BFB77D}"
EndProject
Project("{8BC9CEB8-8B4A-11D0-8D11-00A0C91BC942}") = "802. Find Eventual Safe States", "802. Find Eventual Safe States\802. Find Eventual Safe States.vcxproj", "{FFFCB8C5-92B4-4EC5-9D0A-36A6B9A45EA1}"
EndProject
Project("{8BC9CEB8-8B4A-11D0-8D11-00A0C91BC942}") = "207. Course Schedule", "207. Course Schedule\207. Course Schedule.vcxproj", "{76B22D4C-3171-4D73-AB6A-874095D863EF}"
EndProject
Project("{8BC9CEB8-8B4A-11D0-8D11-00A0C91BC942}") = "1218. Longest Arithmetic Subsequence of Given Difference", "1218. Longest Arithmetic Subsequence of Given Difference\1218. Longest Arithmetic Subsequence of Given Difference.vcxproj", "{1022E438-6262-4491-981C-59C349C4621D}"
EndProject
Project("{8BC9CEB8-8B4A-11D0-8D11-00A0C91BC942}") = "1751. Maximum Number of Events That Can Be Attended II", "1751. Maximum Number of Events That Can Be Attended II\1751. Maximum Number of Events That Can Be Attended II.vcxproj", "{BC4A0D64-F5DC-4430-9FB0-F7F3560F786F}"
EndProject
Project("{8BC9CEB8-8B4A-11D0-8D11-00A0C91BC942}") = "445. Add Two Numbers II", "445. Add Two Numbers II\445. Add Two Numbers II.vcxproj", "{D23485C8-47C9-4EA8-A0AC-0F37B15A0121}"
EndProject
Project("{8BC9CEB8-8B4A-11D0-8D11-00A0C91BC942}") = "146. LRU Cache", "146. LRU Cache\146. LRU Cache.vcxproj", "{70687824-C0C6-4D65-9C71-D04DAD86074B}"
EndProject
Project("{8BC9CEB8-8B4A-11D0-8D11-00A0C91BC942}") = "435. Non-overlapping Intervals", "435. Non-overlapping Intervals\435. Non-overlapping Intervals.vcxproj", "{6B812DAC-180A-41E0-A9E7-36EA167C79B9}"
EndProject
Project("{8BC9CEB8-8B4A-11D0-8D11-00A0C91BC942}") = "735. Asteroid Collision", "735. Asteroid Collision\735. Asteroid Collision.vcxproj", "{8D151E30-D473-480D-8650-DED2BC33B98B}"
EndProject
Project("{8BC9CEB8-8B4A-11D0-8D11-00A0C91BC942}") = "673. Number of Longest Increasing Subsequence", "673. Number of Longest Increasing Subsequence\673. Number of Longest Increasing Subsequence.vcxproj", "{B379B923-EF46-429A-B342-2F4E222D0F18}"
EndProject
Project("{8BC9CEB8-8B4A-11D0-8D11-00A0C91BC942}") = "688. Knight Probability in Chessboard", "688. Knight Probability in Chessboard\688. Knight Probability in Chessboard.vcxproj", "{A3DC583D-B098-478F-8504-38844ED78D6D}"
EndProject
Project("{8BC9CEB8-8B4A-11D0-8D11-00A0C91BC942}") = "50. Pow(x, n)", "50. Pow(x, n)\50. Pow(x, n).vcxproj", "{EF921E01-600A-43FA-9662-8F51C9DFAB7A}"
EndProject
Project("{8BC9CEB8-8B4A-11D0-8D11-00A0C91BC942}") = "852. Peak Index in a Mountain Array", "852. Peak Index in a Mountain Array\852. Peak Index in a Mountain Array.vcxproj", "{726D17ED-C8AE-49E4-B536-E0FE6AB889F4}"
EndProject
Project("{8BC9CEB8-8B4A-11D0-8D11-00A0C91BC942}") = "1870. Minimum Speed to Arrive on Time", "1870. Minimum Speed to Arrive on Time\1870. Minimum Speed to Arrive on Time.vcxproj", "{A098852C-54B1-4D8A-A02C-502610840AC2}"
EndProject
Project("{8BC9CEB8-8B4A-11D0-8D11-00A0C91BC942}") = "2141. Maximum Running Time of N Computers", "2141. Maximum Running Time of N Computers\2141. Maximum Running Time of N Computers.vcxproj", "{221A94D5-794D-42E3-85BE-635C1712EF2D}"
EndProject
Project("{8BC9CEB8-8B4A-11D0-8D11-00A0C91BC942}") = "486. Predict the Winner", "486. Predict the Winner\486. Predict the Winner.vcxproj", "{0A900FC1-7491-49B1-983F-F79418766D82}"
EndProject
Project("{8BC9CEB8-8B4A-11D0-8D11-00A0C91BC942}") = "808. Soup Servings", "808. Soup Servings\808. Soup Servings.vcxproj", "{005BE447-669B-452C-A236-A14EF31797AF}"
EndProject
Project("{8BC9CEB8-8B4A-11D0-8D11-00A0C91BC942}") = "712. Minimum ASCII Delete Sum for Two Strings", "712. Minimum ASCII Delete Sum for Two Strings\712. Minimum ASCII Delete Sum for Two Strings.vcxproj", "{46CD750A-597F-4BD1-9E22-47AD6B750E17}"
EndProject
Project("{8BC9CEB8-8B4A-11D0-8D11-00A0C91BC942}") = "77. Combinations", "77. Combinations\77. Combinations.vcxproj", "{DE7CC376-49FA-455D-9F93-E31323343A00}"
EndProject
Project("{8BC9CEB8-8B4A-11D0-8D11-00A0C91BC942}") = "46. Permutations", "46. Permutations\46. Permutations.vcxproj", "{91041B29-9E08-47A2-A820-6CAB1FCD88B9}"
EndProject
Project("{8BC9CEB8-8B4A-11D0-8D11-00A0C91BC942}") = "17. Letter Combinations of a Phone Number", "17. Letter Combinations of a Phone Number\17. Letter Combinations of a Phone Number.vcxproj", "{045C9EAF-AFAD-48A2-8251-9D331463C040}"
EndProject
Project("{8BC9CEB8-8B4A-11D0-8D11-00A0C91BC942}") = "139. Word Break", "139. Word Break\139. Word Break.vcxproj", "{6BD0C29D-32BE-4005-A0C5-38C12B840B5F}"
EndProject
Project("{8BC9CEB8-8B4A-11D0-8D11-00A0C91BC942}") = "95. Unique Binary Search Trees II", "95. Unique Binary Search Trees II\95. Unique Binary Search Trees II.vcxproj", "{C301836B-6941-4F75-B5ED-12322AEB83AF}"
EndProject
Project("{8BC9CEB8-8B4A-11D0-8D11-00A0C91BC942}") = "96. Unique Binary Search Trees", "96. Unique Binary Search Trees\96. Unique Binary Search Trees.vcxproj", "{F40FD710-596E-4131-A8E2-0C32FBE118FD}"
EndProject
Project("{8BC9CEB8-8B4A-11D0-8D11-00A0C91BC942}") = "74. Search a 2D Matrix", "74. Search a 2D Matrix\74. Search a 2D Matrix.vcxproj", "{1A7A1165-6A04-4577-B138-8338323ABCE9}"
EndProject
Project("{8BC9CEB8-8B4A-11D0-8D11-00A0C91BC942}") = "33. Search in Rotated Sorted Array", "33. Search in Rotated Sorted Array\33. Search in Rotated Sorted Array.vcxproj", "{27936333-BF95-4953-8427-56E34C289A06}"
EndProject
Project("{8BC9CEB8-8B4A-11D0-8D11-00A0C91BC942}") = "2616. Minimize the Maximum Difference of Pairs", "2616. Minimize the Maximum Difference of Pairs\2616. Minimize the Maximum Difference of Pairs.vcxproj", "{3F8DB424-E485-42B5-A80A-4CA29AC467F0}"
EndProject
Project("{8BC9CEB8-8B4A-11D0-8D11-00A0C91BC942}") = "81. Search in Rotated Sorted Array II", "81. Search in Rotated Sorted Array II\81. Search in Rotated Sorted Array II.vcxproj", "{5D13B977-DB76-44B2-9098-B0F69D7C98D6}"
EndProject
Project("{8BC9CEB8-8B4A-11D0-8D11-00A0C91BC942}") = "518. Coin Change II", "518. Coin Change II\518. Coin Change II.vcxproj", "{E377FAC6-392E-469D-BAB1-B273569AC729}"
EndProject
Project("{8BC9CEB8-8B4A-11D0-8D11-00A0C91BC942}") = "63. Unique Paths II", "63. Unique Paths II\63. Unique Paths II.vcxproj", "{DE1F4A36-4483-40B9-BAFD-51A876B52250}"
EndProject
Project("{8BC9CEB8-8B4A-11D0-8D11-00A0C91BC942}") = "215. Kth Largest Element in an Array", "215. Kth Largest Element in an Array\215. Kth Largest Element in an Array.vcxproj", "{78999F1F-ECC6-42D4-9D49-1AE76BDE7244}"
EndProject
Project("{8BC9CEB8-8B4A-11D0-8D11-00A0C91BC942}") = "86. Partition List", "86. Partition List\86. Partition List.vcxproj", "{78812D90-E9B4-4DC6-A856-0FBF0633CDD0}"
EndProject
Project("{8BC9CEB8-8B4A-11D0-8D11-00A0C91BC942}") = "239. Sliding Window Maximum", "239. Sliding Window Maximum\239. Sliding Window Maximum.vcxproj", "{E98B3025-252A-47F5-B4AB-26F81A2023EE}"
EndProject
Project("{8BC9CEB8-8B4A-11D0-8D11-00A0C91BC942}") = "542. 01 Matrix", "542. 01 Matrix\542. 01 Matrix.vcxproj", "{F422D028-C3DD-4DCC-BAAE-B70F6037D4FF}"
EndProject
Project("{8BC9CEB8-8B4A-11D0-8D11-00A0C91BC942}") = "1615. Maximal Network Rank", "1615. Maximal Network Rank\1615. Maximal Network Rank.vcxproj", "{309CAFE3-E6AD-4A9A-B96D-5694D4963A2A}"
EndProject
Project("{8BC9CEB8-8B4A-11D0-8D11-00A0C91BC942}") = "1489. Find Critical and Pseudo-Critical Edges in Minimum Spanning Tree", "1489. Find Critical and Pseudo-Critical Edges in Minimum Spanning Tree\1489. Find Critical and Pseudo-Critical Edges in Minimum Spanning Tree.vcxproj", "{4D581A12-C30B-4A90-926C-79CB5FDC6944}"
EndProject
Project("{8BC9CEB8-8B4A-11D0-8D11-00A0C91BC942}") = "459. Repeated Substring Pattern", "459. Repeated Substring Pattern\459. Repeated Substring Pattern.vcxproj", "{31FD56E1-89C8-4E55-B576-720BD6C360FB}"
EndProject
Project("{8BC9CEB8-8B4A-11D0-8D11-00A0C91BC942}") = "168. Excel Sheet Column Title", "168. Excel Sheet Column Title\168. Excel Sheet Column Title.vcxproj", "{6655D29C-4363-461B-BC65-E1A4E7F4B7D6}"
EndProject
Project("{8BC9CEB8-8B4A-11D0-8D11-00A0C91BC942}") = "767. Reorganize String", "767. Reorganize String\767. Reorganize String.vcxproj", "{E49D3CF1-EB99-40BC-BBB2-66F73E63FD00}"
EndProject
Project("{8BC9CEB8-8B4A-11D0-8D11-00A0C91BC942}") = "1929. Concatenation of Array", "1929. Concatenation of Array\1929. Concatenation of Array.vcxproj", "{04241D36-6AB0-4C09-8666-77FD45CFA1D6}"
EndProject
Project("{8BC9CEB8-8B4A-11D0-8D11-00A0C91BC942}") = "68. Text Justification", "68. Text Justification\68. Text Justification.vcxproj", "{AA1FDD58-EBF6-44E2-9A9C-292CAD312B9A}"
EndProject
Project("{8BC9CEB8-8B4A-11D0-8D11-00A0C91BC942}") = "97. Interleaving String", "97. Interleaving String\97. Interleaving String.vcxproj", "{501A0C0D-5E72-4ED6-A38C-03CB198FE1A8}"
EndProject
Project("{8BC9CEB8-8B4A-11D0-8D11-00A0C91BC942}") = "646. Maximum Length of Pair Chain", "646. Maximum Length of Pair Chain\646. Maximum Length of Pair Chain.vcxproj", "{93194611-01ED-4A70-99F1-2A40FE96CE58}"
EndProject
Project("{8BC9CEB8-8B4A-11D0-8D11-00A0C91BC942}") = "225. Implement Stack using Queues", "225. Implement Stack using Queues\225. Implement Stack using Queues.vcxproj", "{8A28CF5A-070F-4535-923D-621D3296AFFB}"
EndProject
Project("{8BC9CEB8-8B4A-11D0-8D11-00A0C91BC942}") = "2483. Minimum Penalty for a Shop", "2483. Minimum Penalty for a Shop\2483. Minimum Penalty for a Shop.vcxproj", "{7E853147-B0A9-454E-BC3F-56B250CBB869}"
EndProject
Project("{8BC9CEB8-8B4A-11D0-8D11-00A0C91BC942}") = "2366. Minimum Replacements to Sort the Array", "2366. Minimum Replacements to Sort the Array\2366. Minimum Replacements to Sort the Array.vcxproj", "{164BBCDF-D79A-4678-9F31-06B679E9655B}"
EndProject
Project("{8BC9CEB8-8B4A-11D0-8D11-00A0C91BC942}") = "1326. Minimum Number of Taps to Open to Water a Garden", "1326. Minimum Number of Taps to Open to Water a Garden\1326. Minimum Number of Taps to Open to Water a Garden.vcxproj", "{E3D7EF06-42E7-4AB3-9540-24A14C571EA4}"
EndProject
Project("{8BC9CEB8-8B4A-11D0-8D11-00A0C91BC942}") = "338. Counting Bits", "338. Counting Bits\338. Counting Bits.vcxproj", "{9BD4D179-751B-4529-BCCF-2D4F1A79AA31}"
EndProject
Project("{8BC9CEB8-8B4A-11D0-8D11-00A0C91BC942}") = "2707. Extra Characters in a String", "2707. Extra Characters in a String\2707. Extra Characters in a String.vcxproj", "{41F514A3-14AC-4862-84F4-C9C6D975271B}"
EndProject
Project("{8BC9CEB8-8B4A-11D0-8D11-00A0C91BC942}") = "62. Unique Paths", "62. Unique Paths\62. Unique Paths.vcxproj", "{6682457C-60DA-46E8-A529-DBDFA4F4761C}"
EndProject
Project("{8BC9CEB8-8B4A-11D0-8D11-00A0C91BC942}") = "141. Linked List Cycle", "141. Linked List Cycle\141. Linked List Cycle.vcxproj", "{B0E8DE49-6779-48CB-A1AA-C14428DA41A4}"
EndProject
Project("{8BC9CEB8-8B4A-11D0-8D11-00A0C91BC942}") = "138. Copy List with Random Pointer", "138. Copy List with Random Pointer\138. Copy List with Random Pointer.vcxproj", "{761770B6-0122-4748-B7DE-EDC4C9B5E910}"
EndProject
Project("{8BC9CEB8-8B4A-11D0-8D11-00A0C91BC942}") = "725. Split Linked List in Parts", "725. Split Linked List in Parts\725. Split Linked List in Parts.vcxproj", "{5F9C6C30-A934-4922-A7D6-90F15735CF5A}"
EndProject
Project("{8BC9CEB8-8B4A-11D0-8D11-00A0C91BC942}") = "4. Median of Two Sorted Arrays", "4. Median of Two Sorted Arrays\4. Median of Two Sorted Arrays.vcxproj", "{737E5D73-61E3-4958-97A5-FEBF82D840C7}"
EndProject
Project("{8BC9CEB8-8B4A-11D0-8D11-00A0C91BC942}") = "92. Reverse Linked List II", "92. Reverse Linked List II\92. Reverse Linked List II.vcxproj", "{AE9771D1-A500-4D20-8558-352B081599FF}"
EndProject
Project("{8BC9CEB8-8B4A-11D0-8D11-00A0C91BC942}") = "118. Pascal's Triangle", "118. Pascal's Triangle\118. Pascal's Triangle.vcxproj", "{801FF1DE-B80B-46BC-A632-674BBB957841}"
EndProject
Project("{8BC9CEB8-8B4A-11D0-8D11-00A0C91BC942}") = "377. Combination Sum IV", "377. Combination Sum IV\377. Combination Sum IV.vcxproj", "{F4D1A5B1-F4EF-4936-8C6B-DDD368D6AD2C}"
EndProject
Project("{8BC9CEB8-8B4A-11D0-8D11-00A0C91BC942}") = "1282. Group the People Given the Group Size They Belong To", "1282. Group the People Given the Group Size They Belong To\1282. Group the People Given the Group Size They Belong To.vcxproj", "{7C0F8919-9925-46E3-8F4D-DF9F2CB12288}"
EndProject
Project("{8BC9CEB8-8B4A-11D0-8D11-00A0C91BC942}") = "1647. Minimum Deletions to Make Character Frequencies Unique", "1647. Minimum Deletions to Make Character Frequencies Unique\1647. Minimum Deletions to Make Character Frequencies Unique.vcxproj", "{3D4C999D-75A9-4277-B051-0BEAE7D72F21}"
EndProject
Project("{8BC9CEB8-8B4A-11D0-8D11-00A0C91BC942}") = "135. Candy", "135. Candy\135. Candy.vcxproj", "{F354A80C-7872-4FDD-A8FF-C4B2328FC9D6}"
EndProject
Project("{8BC9CEB8-8B4A-11D0-8D11-00A0C91BC942}") = "332. Reconstruct Itinerary", "332. Reconstruct Itinerary\332. Reconstruct Itinerary.vcxproj", "{093E478D-0DE3-4D3B-969D-1967864E4371}"
EndProject
Project("{8BC9CEB8-8B4A-11D0-8D11-00A0C91BC942}") = "1584. Min Cost to Connect All Points", "1584. Min Cost to Connect All Points\1584. Min Cost to Connect All Points.vcxproj", "{A70E8A51-3498-49F0-A2BB-61DDE8C4B9B4}"
EndProject
Project("{8BC9CEB8-8B4A-11D0-8D11-00A0C91BC942}") = "1631. Path With Minimum Effort", "1631. Path With Minimum Effort\1631. Path With Minimum Effort.vcxproj", "{31AE081B-FAB1-4047-9827-33242F103A0A}"
EndProject
Project("{8BC9CEB8-8B4A-11D0-8D11-00A0C91BC942}") = "1337. The K Weakest Rows in a Matrix", "1337. The K Weakest Rows in a Matrix\1337. The K Weakest Rows in a Matrix.vcxproj", "{40A8CFAE-91C8-4693-BC2C-59E93A09B057}"
EndProject
Project("{8BC9CEB8-8B4A-11D0-8D11-00A0C91BC942}") = "287. Find the Duplicate Number", "287. Find the Duplicate Number\287. Find the Duplicate Number.vcxproj", "{3C931AF4-51EF-48E9-8826-2F16DDE34552}"
EndProject
Project("{8BC9CEB8-8B4A-11D0-8D11-00A0C91BC942}") = "1658. Minimum Operations to Reduce X to Zero", "1658. Minimum Operations to Reduce X to Zero\1658. Minimum Operations to Reduce X to Zero.vcxproj", "{767FDB3B-3C2C-4907-AEAC-D5012158D899}"
EndProject
Project("{8BC9CEB8-8B4A-11D0-8D11-00A0C91BC942}") = "6. Zigzag Conversion", "6. Zigzag Conversion\6. Zigzag Conversion.vcxproj", "{649EB68B-E24A-48B8-B091-F0BD73EDA556}"
EndProject
Project("{8BC9CEB8-8B4A-11D0-8D11-00A0C91BC942}") = "392. Is Subsequence", "392. Is Subsequence\392. Is Subsequence.vcxproj", "{D6EC3969-333B-4D1B-AA39-197ED73E7B02}"
EndProject
Project("{8BC9CEB8-8B4A-11D0-8D11-00A0C91BC942}") = "1048. Longest String Chain", "1048. Longest String Chain\1048. Longest String Chain.vcxproj", "{92DFBB00-70BD-4A7C-B532-8909B8EE3B46}"
EndProject
Project("{8BC9CEB8-8B4A-11D0-8D11-00A0C91BC942}") = "389. Find the Difference", "389. Find the Difference\389. Find the Difference.vcxproj", "{B524A698-DF83-48C2-88B4-DC7947359800}"
EndProject
Project("{8BC9CEB8-8B4A-11D0-8D11-00A0C91BC942}") = "316. Remove Duplicate Letters", "316. Remove Duplicate Letters\316. Remove Duplicate Letters.vcxproj", "{35C1E6B4-AD84-46F0-8E9F-3630981D0E21}"
EndProject
Project("{8BC9CEB8-8B4A-11D0-8D11-00A0C91BC942}") = "880. Decoded String at Index", "880. Decoded String at Index\880. Decoded String at Index.vcxproj", "{1B511CFF-8361-440E-83E3-9ABD1AE228C2}"
EndProject
Project("{8BC9CEB8-8B4A-11D0-8D11-00A0C91BC942}") = "905. Sort Array By Parity", "905. Sort Array By Parity\905. Sort Array By Parity.vcxproj", "{EE9F88B9-8C7A-4912-9F22-1F486E813B12}"
EndProject
Project("{8BC9CEB8-8B4A-11D0-8D11-00A0C91BC942}") = "896. Monotonic Array", "896. Monotonic Array\896. Monotonic Array.vcxproj", "{4E7D01A7-7C53-4AD1-94EB-C143B5AACA3E}"
EndProject
Project("{8BC9CEB8-8B4A-11D0-8D11-00A0C91BC942}") = "557. Reverse Words in a String III", "557. Reverse Words in a String III\557. Reverse Words in a String III.vcxproj", "{E8F02FF4-6A38-4180-B50F-C1A97D6FADF4}"
EndProject
Project("{8BC9CEB8-8B4A-11D0-8D11-00A0C91BC942}") = "2038. Remove Colored Pieces if Both Neighbors are the Same Color", "2038. Remove Colored Pieces if Both Neighbors are the Same Color\2038. Remove Colored Pieces if Both Neighbors are the Same Color.vcxproj", "{F4FAAD6B-C966-44E0-9D3F-A10ACFFCC515}"
EndProject
Global
	GlobalSection(SolutionConfigurationPlatforms) = preSolution
		Debug|x64 = Debug|x64
		Debug|x86 = Debug|x86
		Release|x64 = Release|x64
		Release|x86 = Release|x86
	EndGlobalSection
	GlobalSection(ProjectConfigurationPlatforms) = postSolution
		{6FF62BF5-2652-48E8-8A77-D1758EFAD982}.Debug|x64.ActiveCfg = Debug|x64
		{6FF62BF5-2652-48E8-8A77-D1758EFAD982}.Debug|x64.Build.0 = Debug|x64
		{6FF62BF5-2652-48E8-8A77-D1758EFAD982}.Debug|x86.ActiveCfg = Debug|Win32
		{6FF62BF5-2652-48E8-8A77-D1758EFAD982}.Debug|x86.Build.0 = Debug|Win32
		{6FF62BF5-2652-48E8-8A77-D1758EFAD982}.Release|x64.ActiveCfg = Release|x64
		{6FF62BF5-2652-48E8-8A77-D1758EFAD982}.Release|x64.Build.0 = Release|x64
		{6FF62BF5-2652-48E8-8A77-D1758EFAD982}.Release|x86.ActiveCfg = Release|Win32
		{6FF62BF5-2652-48E8-8A77-D1758EFAD982}.Release|x86.Build.0 = Release|Win32
		{08510630-C168-4E78-A828-0F143EDE5596}.Debug|x64.ActiveCfg = Debug|x64
		{08510630-C168-4E78-A828-0F143EDE5596}.Debug|x64.Build.0 = Debug|x64
		{08510630-C168-4E78-A828-0F143EDE5596}.Debug|x86.ActiveCfg = Debug|Win32
		{08510630-C168-4E78-A828-0F143EDE5596}.Debug|x86.Build.0 = Debug|Win32
		{08510630-C168-4E78-A828-0F143EDE5596}.Release|x64.ActiveCfg = Release|x64
		{08510630-C168-4E78-A828-0F143EDE5596}.Release|x64.Build.0 = Release|x64
		{08510630-C168-4E78-A828-0F143EDE5596}.Release|x86.ActiveCfg = Release|Win32
		{08510630-C168-4E78-A828-0F143EDE5596}.Release|x86.Build.0 = Release|Win32
		{771B334B-1697-40D9-96DF-53CA40080A78}.Debug|x64.ActiveCfg = Debug|x64
		{771B334B-1697-40D9-96DF-53CA40080A78}.Debug|x64.Build.0 = Debug|x64
		{771B334B-1697-40D9-96DF-53CA40080A78}.Debug|x86.ActiveCfg = Debug|Win32
		{771B334B-1697-40D9-96DF-53CA40080A78}.Debug|x86.Build.0 = Debug|Win32
		{771B334B-1697-40D9-96DF-53CA40080A78}.Release|x64.ActiveCfg = Release|x64
		{771B334B-1697-40D9-96DF-53CA40080A78}.Release|x64.Build.0 = Release|x64
		{771B334B-1697-40D9-96DF-53CA40080A78}.Release|x86.ActiveCfg = Release|Win32
		{771B334B-1697-40D9-96DF-53CA40080A78}.Release|x86.Build.0 = Release|Win32
		{3F162494-5231-42C4-8A4A-A5895673C840}.Debug|x64.ActiveCfg = Debug|x64
		{3F162494-5231-42C4-8A4A-A5895673C840}.Debug|x64.Build.0 = Debug|x64
		{3F162494-5231-42C4-8A4A-A5895673C840}.Debug|x86.ActiveCfg = Debug|Win32
		{3F162494-5231-42C4-8A4A-A5895673C840}.Debug|x86.Build.0 = Debug|Win32
		{3F162494-5231-42C4-8A4A-A5895673C840}.Release|x64.ActiveCfg = Release|x64
		{3F162494-5231-42C4-8A4A-A5895673C840}.Release|x64.Build.0 = Release|x64
		{3F162494-5231-42C4-8A4A-A5895673C840}.Release|x86.ActiveCfg = Release|Win32
		{3F162494-5231-42C4-8A4A-A5895673C840}.Release|x86.Build.0 = Release|Win32
		{7E85E29B-A6A7-455F-8F23-A05E6877659B}.Debug|x64.ActiveCfg = Debug|x64
		{7E85E29B-A6A7-455F-8F23-A05E6877659B}.Debug|x64.Build.0 = Debug|x64
		{7E85E29B-A6A7-455F-8F23-A05E6877659B}.Debug|x86.ActiveCfg = Debug|Win32
		{7E85E29B-A6A7-455F-8F23-A05E6877659B}.Debug|x86.Build.0 = Debug|Win32
		{7E85E29B-A6A7-455F-8F23-A05E6877659B}.Release|x64.ActiveCfg = Release|x64
		{7E85E29B-A6A7-455F-8F23-A05E6877659B}.Release|x64.Build.0 = Release|x64
		{7E85E29B-A6A7-455F-8F23-A05E6877659B}.Release|x86.ActiveCfg = Release|Win32
		{7E85E29B-A6A7-455F-8F23-A05E6877659B}.Release|x86.Build.0 = Release|Win32
		{D5A1F967-290A-4B8A-8E51-A29DFEE93C99}.Debug|x64.ActiveCfg = Debug|x64
		{D5A1F967-290A-4B8A-8E51-A29DFEE93C99}.Debug|x64.Build.0 = Debug|x64
		{D5A1F967-290A-4B8A-8E51-A29DFEE93C99}.Debug|x86.ActiveCfg = Debug|Win32
		{D5A1F967-290A-4B8A-8E51-A29DFEE93C99}.Debug|x86.Build.0 = Debug|Win32
		{D5A1F967-290A-4B8A-8E51-A29DFEE93C99}.Release|x64.ActiveCfg = Release|x64
		{D5A1F967-290A-4B8A-8E51-A29DFEE93C99}.Release|x64.Build.0 = Release|x64
		{D5A1F967-290A-4B8A-8E51-A29DFEE93C99}.Release|x86.ActiveCfg = Release|Win32
		{D5A1F967-290A-4B8A-8E51-A29DFEE93C99}.Release|x86.Build.0 = Release|Win32
		{0EC2E667-BD9B-4B5D-9D8D-62F04A2E189B}.Debug|x64.ActiveCfg = Debug|x64
		{0EC2E667-BD9B-4B5D-9D8D-62F04A2E189B}.Debug|x64.Build.0 = Debug|x64
		{0EC2E667-BD9B-4B5D-9D8D-62F04A2E189B}.Debug|x86.ActiveCfg = Debug|Win32
		{0EC2E667-BD9B-4B5D-9D8D-62F04A2E189B}.Debug|x86.Build.0 = Debug|Win32
		{0EC2E667-BD9B-4B5D-9D8D-62F04A2E189B}.Release|x64.ActiveCfg = Release|x64
		{0EC2E667-BD9B-4B5D-9D8D-62F04A2E189B}.Release|x64.Build.0 = Release|x64
		{0EC2E667-BD9B-4B5D-9D8D-62F04A2E189B}.Release|x86.ActiveCfg = Release|Win32
		{0EC2E667-BD9B-4B5D-9D8D-62F04A2E189B}.Release|x86.Build.0 = Release|Win32
		{A0906202-9051-42FE-9FF9-08AE4E0FC5A5}.Debug|x64.ActiveCfg = Debug|x64
		{A0906202-9051-42FE-9FF9-08AE4E0FC5A5}.Debug|x64.Build.0 = Debug|x64
		{A0906202-9051-42FE-9FF9-08AE4E0FC5A5}.Debug|x86.ActiveCfg = Debug|Win32
		{A0906202-9051-42FE-9FF9-08AE4E0FC5A5}.Debug|x86.Build.0 = Debug|Win32
		{A0906202-9051-42FE-9FF9-08AE4E0FC5A5}.Release|x64.ActiveCfg = Release|x64
		{A0906202-9051-42FE-9FF9-08AE4E0FC5A5}.Release|x64.Build.0 = Release|x64
		{A0906202-9051-42FE-9FF9-08AE4E0FC5A5}.Release|x86.ActiveCfg = Release|Win32
		{A0906202-9051-42FE-9FF9-08AE4E0FC5A5}.Release|x86.Build.0 = Release|Win32
		{86C8E934-ACD3-4301-9E9F-F9D4F8D15471}.Debug|x64.ActiveCfg = Debug|x64
		{86C8E934-ACD3-4301-9E9F-F9D4F8D15471}.Debug|x64.Build.0 = Debug|x64
		{86C8E934-ACD3-4301-9E9F-F9D4F8D15471}.Debug|x86.ActiveCfg = Debug|Win32
		{86C8E934-ACD3-4301-9E9F-F9D4F8D15471}.Debug|x86.Build.0 = Debug|Win32
		{86C8E934-ACD3-4301-9E9F-F9D4F8D15471}.Release|x64.ActiveCfg = Release|x64
		{86C8E934-ACD3-4301-9E9F-F9D4F8D15471}.Release|x64.Build.0 = Release|x64
		{86C8E934-ACD3-4301-9E9F-F9D4F8D15471}.Release|x86.ActiveCfg = Release|Win32
		{86C8E934-ACD3-4301-9E9F-F9D4F8D15471}.Release|x86.Build.0 = Release|Win32
		{A812C3F7-D307-47A5-BACD-D286393A958F}.Debug|x64.ActiveCfg = Debug|x64
		{A812C3F7-D307-47A5-BACD-D286393A958F}.Debug|x64.Build.0 = Debug|x64
		{A812C3F7-D307-47A5-BACD-D286393A958F}.Debug|x86.ActiveCfg = Debug|Win32
		{A812C3F7-D307-47A5-BACD-D286393A958F}.Debug|x86.Build.0 = Debug|Win32
		{A812C3F7-D307-47A5-BACD-D286393A958F}.Release|x64.ActiveCfg = Release|x64
		{A812C3F7-D307-47A5-BACD-D286393A958F}.Release|x64.Build.0 = Release|x64
		{A812C3F7-D307-47A5-BACD-D286393A958F}.Release|x86.ActiveCfg = Release|Win32
		{A812C3F7-D307-47A5-BACD-D286393A958F}.Release|x86.Build.0 = Release|Win32
		{D0F983AE-3F7B-46B1-8BD2-FCB9C0A27511}.Debug|x64.ActiveCfg = Debug|x64
		{D0F983AE-3F7B-46B1-8BD2-FCB9C0A27511}.Debug|x64.Build.0 = Debug|x64
		{D0F983AE-3F7B-46B1-8BD2-FCB9C0A27511}.Debug|x86.ActiveCfg = Debug|Win32
		{D0F983AE-3F7B-46B1-8BD2-FCB9C0A27511}.Debug|x86.Build.0 = Debug|Win32
		{D0F983AE-3F7B-46B1-8BD2-FCB9C0A27511}.Release|x64.ActiveCfg = Release|x64
		{D0F983AE-3F7B-46B1-8BD2-FCB9C0A27511}.Release|x64.Build.0 = Release|x64
		{D0F983AE-3F7B-46B1-8BD2-FCB9C0A27511}.Release|x86.ActiveCfg = Release|Win32
		{D0F983AE-3F7B-46B1-8BD2-FCB9C0A27511}.Release|x86.Build.0 = Release|Win32
		{1C94C941-299E-4030-9A0F-8CBE82F8CC41}.Debug|x64.ActiveCfg = Debug|x64
		{1C94C941-299E-4030-9A0F-8CBE82F8CC41}.Debug|x64.Build.0 = Debug|x64
		{1C94C941-299E-4030-9A0F-8CBE82F8CC41}.Debug|x86.ActiveCfg = Debug|Win32
		{1C94C941-299E-4030-9A0F-8CBE82F8CC41}.Debug|x86.Build.0 = Debug|Win32
		{1C94C941-299E-4030-9A0F-8CBE82F8CC41}.Release|x64.ActiveCfg = Release|x64
		{1C94C941-299E-4030-9A0F-8CBE82F8CC41}.Release|x64.Build.0 = Release|x64
		{1C94C941-299E-4030-9A0F-8CBE82F8CC41}.Release|x86.ActiveCfg = Release|Win32
		{1C94C941-299E-4030-9A0F-8CBE82F8CC41}.Release|x86.Build.0 = Release|Win32
		{0FD118E6-2A77-4F31-A961-F130023A1E5E}.Debug|x64.ActiveCfg = Debug|x64
		{0FD118E6-2A77-4F31-A961-F130023A1E5E}.Debug|x64.Build.0 = Debug|x64
		{0FD118E6-2A77-4F31-A961-F130023A1E5E}.Debug|x86.ActiveCfg = Debug|Win32
		{0FD118E6-2A77-4F31-A961-F130023A1E5E}.Debug|x86.Build.0 = Debug|Win32
		{0FD118E6-2A77-4F31-A961-F130023A1E5E}.Release|x64.ActiveCfg = Release|x64
		{0FD118E6-2A77-4F31-A961-F130023A1E5E}.Release|x64.Build.0 = Release|x64
		{0FD118E6-2A77-4F31-A961-F130023A1E5E}.Release|x86.ActiveCfg = Release|Win32
		{0FD118E6-2A77-4F31-A961-F130023A1E5E}.Release|x86.Build.0 = Release|Win32
		{38413B67-E4DF-4CF6-84B4-1F8FB03BB678}.Debug|x64.ActiveCfg = Debug|x64
		{38413B67-E4DF-4CF6-84B4-1F8FB03BB678}.Debug|x64.Build.0 = Debug|x64
		{38413B67-E4DF-4CF6-84B4-1F8FB03BB678}.Debug|x86.ActiveCfg = Debug|Win32
		{38413B67-E4DF-4CF6-84B4-1F8FB03BB678}.Debug|x86.Build.0 = Debug|Win32
		{38413B67-E4DF-4CF6-84B4-1F8FB03BB678}.Release|x64.ActiveCfg = Release|x64
		{38413B67-E4DF-4CF6-84B4-1F8FB03BB678}.Release|x64.Build.0 = Release|x64
		{38413B67-E4DF-4CF6-84B4-1F8FB03BB678}.Release|x86.ActiveCfg = Release|Win32
		{38413B67-E4DF-4CF6-84B4-1F8FB03BB678}.Release|x86.Build.0 = Release|Win32
		{F3CF460F-9F44-42FD-8F5D-977BE9BD81A1}.Debug|x64.ActiveCfg = Debug|x64
		{F3CF460F-9F44-42FD-8F5D-977BE9BD81A1}.Debug|x64.Build.0 = Debug|x64
		{F3CF460F-9F44-42FD-8F5D-977BE9BD81A1}.Debug|x86.ActiveCfg = Debug|Win32
		{F3CF460F-9F44-42FD-8F5D-977BE9BD81A1}.Debug|x86.Build.0 = Debug|Win32
		{F3CF460F-9F44-42FD-8F5D-977BE9BD81A1}.Release|x64.ActiveCfg = Release|x64
		{F3CF460F-9F44-42FD-8F5D-977BE9BD81A1}.Release|x64.Build.0 = Release|x64
		{F3CF460F-9F44-42FD-8F5D-977BE9BD81A1}.Release|x86.ActiveCfg = Release|Win32
		{F3CF460F-9F44-42FD-8F5D-977BE9BD81A1}.Release|x86.Build.0 = Release|Win32
		{0104CE09-D66D-4AC0-AD76-1B4213D874B8}.Debug|x64.ActiveCfg = Debug|x64
		{0104CE09-D66D-4AC0-AD76-1B4213D874B8}.Debug|x64.Build.0 = Debug|x64
		{0104CE09-D66D-4AC0-AD76-1B4213D874B8}.Debug|x86.ActiveCfg = Debug|Win32
		{0104CE09-D66D-4AC0-AD76-1B4213D874B8}.Debug|x86.Build.0 = Debug|Win32
		{0104CE09-D66D-4AC0-AD76-1B4213D874B8}.Release|x64.ActiveCfg = Release|x64
		{0104CE09-D66D-4AC0-AD76-1B4213D874B8}.Release|x64.Build.0 = Release|x64
		{0104CE09-D66D-4AC0-AD76-1B4213D874B8}.Release|x86.ActiveCfg = Release|Win32
		{0104CE09-D66D-4AC0-AD76-1B4213D874B8}.Release|x86.Build.0 = Release|Win32
		{5BE53FE8-7503-4984-A6F6-08158D1D02F7}.Debug|x64.ActiveCfg = Debug|x64
		{5BE53FE8-7503-4984-A6F6-08158D1D02F7}.Debug|x64.Build.0 = Debug|x64
		{5BE53FE8-7503-4984-A6F6-08158D1D02F7}.Debug|x86.ActiveCfg = Debug|Win32
		{5BE53FE8-7503-4984-A6F6-08158D1D02F7}.Debug|x86.Build.0 = Debug|Win32
		{5BE53FE8-7503-4984-A6F6-08158D1D02F7}.Release|x64.ActiveCfg = Release|x64
		{5BE53FE8-7503-4984-A6F6-08158D1D02F7}.Release|x64.Build.0 = Release|x64
		{5BE53FE8-7503-4984-A6F6-08158D1D02F7}.Release|x86.ActiveCfg = Release|Win32
		{5BE53FE8-7503-4984-A6F6-08158D1D02F7}.Release|x86.Build.0 = Release|Win32
		{F46D6D1E-AA72-4187-830A-E19BE682CFA9}.Debug|x64.ActiveCfg = Debug|x64
		{F46D6D1E-AA72-4187-830A-E19BE682CFA9}.Debug|x64.Build.0 = Debug|x64
		{F46D6D1E-AA72-4187-830A-E19BE682CFA9}.Debug|x86.ActiveCfg = Debug|Win32
		{F46D6D1E-AA72-4187-830A-E19BE682CFA9}.Debug|x86.Build.0 = Debug|Win32
		{F46D6D1E-AA72-4187-830A-E19BE682CFA9}.Release|x64.ActiveCfg = Release|x64
		{F46D6D1E-AA72-4187-830A-E19BE682CFA9}.Release|x64.Build.0 = Release|x64
		{F46D6D1E-AA72-4187-830A-E19BE682CFA9}.Release|x86.ActiveCfg = Release|Win32
		{F46D6D1E-AA72-4187-830A-E19BE682CFA9}.Release|x86.Build.0 = Release|Win32
		{64CC726D-1351-483C-BA78-C907BE0B331A}.Debug|x64.ActiveCfg = Debug|x64
		{64CC726D-1351-483C-BA78-C907BE0B331A}.Debug|x64.Build.0 = Debug|x64
		{64CC726D-1351-483C-BA78-C907BE0B331A}.Debug|x86.ActiveCfg = Debug|Win32
		{64CC726D-1351-483C-BA78-C907BE0B331A}.Debug|x86.Build.0 = Debug|Win32
		{64CC726D-1351-483C-BA78-C907BE0B331A}.Release|x64.ActiveCfg = Release|x64
		{64CC726D-1351-483C-BA78-C907BE0B331A}.Release|x64.Build.0 = Release|x64
		{64CC726D-1351-483C-BA78-C907BE0B331A}.Release|x86.ActiveCfg = Release|Win32
		{64CC726D-1351-483C-BA78-C907BE0B331A}.Release|x86.Build.0 = Release|Win32
		{3ECE3AB4-BA7A-40C2-86A9-50A043F5B7CA}.Debug|x64.ActiveCfg = Debug|x64
		{3ECE3AB4-BA7A-40C2-86A9-50A043F5B7CA}.Debug|x64.Build.0 = Debug|x64
		{3ECE3AB4-BA7A-40C2-86A9-50A043F5B7CA}.Debug|x86.ActiveCfg = Debug|Win32
		{3ECE3AB4-BA7A-40C2-86A9-50A043F5B7CA}.Debug|x86.Build.0 = Debug|Win32
		{3ECE3AB4-BA7A-40C2-86A9-50A043F5B7CA}.Release|x64.ActiveCfg = Release|x64
		{3ECE3AB4-BA7A-40C2-86A9-50A043F5B7CA}.Release|x64.Build.0 = Release|x64
		{3ECE3AB4-BA7A-40C2-86A9-50A043F5B7CA}.Release|x86.ActiveCfg = Release|Win32
		{3ECE3AB4-BA7A-40C2-86A9-50A043F5B7CA}.Release|x86.Build.0 = Release|Win32
		{6745EADF-63A8-49EA-AAE0-1EA46938AE81}.Debug|x64.ActiveCfg = Debug|x64
		{6745EADF-63A8-49EA-AAE0-1EA46938AE81}.Debug|x64.Build.0 = Debug|x64
		{6745EADF-63A8-49EA-AAE0-1EA46938AE81}.Debug|x86.ActiveCfg = Debug|Win32
		{6745EADF-63A8-49EA-AAE0-1EA46938AE81}.Debug|x86.Build.0 = Debug|Win32
		{6745EADF-63A8-49EA-AAE0-1EA46938AE81}.Release|x64.ActiveCfg = Release|x64
		{6745EADF-63A8-49EA-AAE0-1EA46938AE81}.Release|x64.Build.0 = Release|x64
		{6745EADF-63A8-49EA-AAE0-1EA46938AE81}.Release|x86.ActiveCfg = Release|Win32
		{6745EADF-63A8-49EA-AAE0-1EA46938AE81}.Release|x86.Build.0 = Release|Win32
		{67D0B6C1-56FA-414F-B681-0B26389DA523}.Debug|x64.ActiveCfg = Debug|x64
		{67D0B6C1-56FA-414F-B681-0B26389DA523}.Debug|x64.Build.0 = Debug|x64
		{67D0B6C1-56FA-414F-B681-0B26389DA523}.Debug|x86.ActiveCfg = Debug|Win32
		{67D0B6C1-56FA-414F-B681-0B26389DA523}.Debug|x86.Build.0 = Debug|Win32
		{67D0B6C1-56FA-414F-B681-0B26389DA523}.Release|x64.ActiveCfg = Release|x64
		{67D0B6C1-56FA-414F-B681-0B26389DA523}.Release|x64.Build.0 = Release|x64
		{67D0B6C1-56FA-414F-B681-0B26389DA523}.Release|x86.ActiveCfg = Release|Win32
		{67D0B6C1-56FA-414F-B681-0B26389DA523}.Release|x86.Build.0 = Release|Win32
		{24154B4E-E142-4B21-BAD9-A1C364379BD1}.Debug|x64.ActiveCfg = Debug|x64
		{24154B4E-E142-4B21-BAD9-A1C364379BD1}.Debug|x64.Build.0 = Debug|x64
		{24154B4E-E142-4B21-BAD9-A1C364379BD1}.Debug|x86.ActiveCfg = Debug|Win32
		{24154B4E-E142-4B21-BAD9-A1C364379BD1}.Debug|x86.Build.0 = Debug|Win32
		{24154B4E-E142-4B21-BAD9-A1C364379BD1}.Release|x64.ActiveCfg = Release|x64
		{24154B4E-E142-4B21-BAD9-A1C364379BD1}.Release|x64.Build.0 = Release|x64
		{24154B4E-E142-4B21-BAD9-A1C364379BD1}.Release|x86.ActiveCfg = Release|Win32
		{24154B4E-E142-4B21-BAD9-A1C364379BD1}.Release|x86.Build.0 = Release|Win32
		{4311A5CD-2C2D-461C-B5A1-97E30158F7F5}.Debug|x64.ActiveCfg = Debug|x64
		{4311A5CD-2C2D-461C-B5A1-97E30158F7F5}.Debug|x64.Build.0 = Debug|x64
		{4311A5CD-2C2D-461C-B5A1-97E30158F7F5}.Debug|x86.ActiveCfg = Debug|Win32
		{4311A5CD-2C2D-461C-B5A1-97E30158F7F5}.Debug|x86.Build.0 = Debug|Win32
		{4311A5CD-2C2D-461C-B5A1-97E30158F7F5}.Release|x64.ActiveCfg = Release|x64
		{4311A5CD-2C2D-461C-B5A1-97E30158F7F5}.Release|x64.Build.0 = Release|x64
		{4311A5CD-2C2D-461C-B5A1-97E30158F7F5}.Release|x86.ActiveCfg = Release|Win32
		{4311A5CD-2C2D-461C-B5A1-97E30158F7F5}.Release|x86.Build.0 = Release|Win32
		{0798E579-4674-4108-A441-60646335ADEF}.Debug|x64.ActiveCfg = Debug|x64
		{0798E579-4674-4108-A441-60646335ADEF}.Debug|x64.Build.0 = Debug|x64
		{0798E579-4674-4108-A441-60646335ADEF}.Debug|x86.ActiveCfg = Debug|Win32
		{0798E579-4674-4108-A441-60646335ADEF}.Debug|x86.Build.0 = Debug|Win32
		{0798E579-4674-4108-A441-60646335ADEF}.Release|x64.ActiveCfg = Release|x64
		{0798E579-4674-4108-A441-60646335ADEF}.Release|x64.Build.0 = Release|x64
		{0798E579-4674-4108-A441-60646335ADEF}.Release|x86.ActiveCfg = Release|Win32
		{0798E579-4674-4108-A441-60646335ADEF}.Release|x86.Build.0 = Release|Win32
		{02CD2593-D502-45E2-AED0-CF7078162968}.Debug|x64.ActiveCfg = Debug|x64
		{02CD2593-D502-45E2-AED0-CF7078162968}.Debug|x64.Build.0 = Debug|x64
		{02CD2593-D502-45E2-AED0-CF7078162968}.Debug|x86.ActiveCfg = Debug|Win32
		{02CD2593-D502-45E2-AED0-CF7078162968}.Debug|x86.Build.0 = Debug|Win32
		{02CD2593-D502-45E2-AED0-CF7078162968}.Release|x64.ActiveCfg = Release|x64
		{02CD2593-D502-45E2-AED0-CF7078162968}.Release|x64.Build.0 = Release|x64
		{02CD2593-D502-45E2-AED0-CF7078162968}.Release|x86.ActiveCfg = Release|Win32
		{02CD2593-D502-45E2-AED0-CF7078162968}.Release|x86.Build.0 = Release|Win32
		{2DCB7552-773F-4BE5-A1CC-A1E36696C3F1}.Debug|x64.ActiveCfg = Debug|x64
		{2DCB7552-773F-4BE5-A1CC-A1E36696C3F1}.Debug|x64.Build.0 = Debug|x64
		{2DCB7552-773F-4BE5-A1CC-A1E36696C3F1}.Debug|x86.ActiveCfg = Debug|Win32
		{2DCB7552-773F-4BE5-A1CC-A1E36696C3F1}.Debug|x86.Build.0 = Debug|Win32
		{2DCB7552-773F-4BE5-A1CC-A1E36696C3F1}.Release|x64.ActiveCfg = Release|x64
		{2DCB7552-773F-4BE5-A1CC-A1E36696C3F1}.Release|x64.Build.0 = Release|x64
		{2DCB7552-773F-4BE5-A1CC-A1E36696C3F1}.Release|x86.ActiveCfg = Release|Win32
		{2DCB7552-773F-4BE5-A1CC-A1E36696C3F1}.Release|x86.Build.0 = Release|Win32
		{2F25055F-DC09-43F0-B160-DBEE6BE88468}.Debug|x64.ActiveCfg = Debug|x64
		{2F25055F-DC09-43F0-B160-DBEE6BE88468}.Debug|x64.Build.0 = Debug|x64
		{2F25055F-DC09-43F0-B160-DBEE6BE88468}.Debug|x86.ActiveCfg = Debug|Win32
		{2F25055F-DC09-43F0-B160-DBEE6BE88468}.Debug|x86.Build.0 = Debug|Win32
		{2F25055F-DC09-43F0-B160-DBEE6BE88468}.Release|x64.ActiveCfg = Release|x64
		{2F25055F-DC09-43F0-B160-DBEE6BE88468}.Release|x64.Build.0 = Release|x64
		{2F25055F-DC09-43F0-B160-DBEE6BE88468}.Release|x86.ActiveCfg = Release|Win32
		{2F25055F-DC09-43F0-B160-DBEE6BE88468}.Release|x86.Build.0 = Release|Win32
		{831362A3-A084-4384-83DE-7AE95230F33B}.Debug|x64.ActiveCfg = Debug|x64
		{831362A3-A084-4384-83DE-7AE95230F33B}.Debug|x64.Build.0 = Debug|x64
		{831362A3-A084-4384-83DE-7AE95230F33B}.Debug|x86.ActiveCfg = Debug|Win32
		{831362A3-A084-4384-83DE-7AE95230F33B}.Debug|x86.Build.0 = Debug|Win32
		{831362A3-A084-4384-83DE-7AE95230F33B}.Release|x64.ActiveCfg = Release|x64
		{831362A3-A084-4384-83DE-7AE95230F33B}.Release|x64.Build.0 = Release|x64
		{831362A3-A084-4384-83DE-7AE95230F33B}.Release|x86.ActiveCfg = Release|Win32
		{831362A3-A084-4384-83DE-7AE95230F33B}.Release|x86.Build.0 = Release|Win32
		{596C2454-E54B-4E44-BBE9-F053288A77EB}.Debug|x64.ActiveCfg = Debug|x64
		{596C2454-E54B-4E44-BBE9-F053288A77EB}.Debug|x64.Build.0 = Debug|x64
		{596C2454-E54B-4E44-BBE9-F053288A77EB}.Debug|x86.ActiveCfg = Debug|Win32
		{596C2454-E54B-4E44-BBE9-F053288A77EB}.Debug|x86.Build.0 = Debug|Win32
		{596C2454-E54B-4E44-BBE9-F053288A77EB}.Release|x64.ActiveCfg = Release|x64
		{596C2454-E54B-4E44-BBE9-F053288A77EB}.Release|x64.Build.0 = Release|x64
		{596C2454-E54B-4E44-BBE9-F053288A77EB}.Release|x86.ActiveCfg = Release|Win32
		{596C2454-E54B-4E44-BBE9-F053288A77EB}.Release|x86.Build.0 = Release|Win32
		{748E208D-85B8-41CD-B949-CE6C21C8E382}.Debug|x64.ActiveCfg = Debug|x64
		{748E208D-85B8-41CD-B949-CE6C21C8E382}.Debug|x64.Build.0 = Debug|x64
		{748E208D-85B8-41CD-B949-CE6C21C8E382}.Debug|x86.ActiveCfg = Debug|Win32
		{748E208D-85B8-41CD-B949-CE6C21C8E382}.Debug|x86.Build.0 = Debug|Win32
		{748E208D-85B8-41CD-B949-CE6C21C8E382}.Release|x64.ActiveCfg = Release|x64
		{748E208D-85B8-41CD-B949-CE6C21C8E382}.Release|x64.Build.0 = Release|x64
		{748E208D-85B8-41CD-B949-CE6C21C8E382}.Release|x86.ActiveCfg = Release|Win32
		{748E208D-85B8-41CD-B949-CE6C21C8E382}.Release|x86.Build.0 = Release|Win32
		{79B7EDC4-2911-49CA-88D2-2AA263A19780}.Debug|x64.ActiveCfg = Debug|x64
		{79B7EDC4-2911-49CA-88D2-2AA263A19780}.Debug|x64.Build.0 = Debug|x64
		{79B7EDC4-2911-49CA-88D2-2AA263A19780}.Debug|x86.ActiveCfg = Debug|Win32
		{79B7EDC4-2911-49CA-88D2-2AA263A19780}.Debug|x86.Build.0 = Debug|Win32
		{79B7EDC4-2911-49CA-88D2-2AA263A19780}.Release|x64.ActiveCfg = Release|x64
		{79B7EDC4-2911-49CA-88D2-2AA263A19780}.Release|x64.Build.0 = Release|x64
		{79B7EDC4-2911-49CA-88D2-2AA263A19780}.Release|x86.ActiveCfg = Release|Win32
		{79B7EDC4-2911-49CA-88D2-2AA263A19780}.Release|x86.Build.0 = Release|Win32
		{EE73766E-DA73-49EA-89B4-618989DA43F0}.Debug|x64.ActiveCfg = Debug|x64
		{EE73766E-DA73-49EA-89B4-618989DA43F0}.Debug|x64.Build.0 = Debug|x64
		{EE73766E-DA73-49EA-89B4-618989DA43F0}.Debug|x86.ActiveCfg = Debug|Win32
		{EE73766E-DA73-49EA-89B4-618989DA43F0}.Debug|x86.Build.0 = Debug|Win32
		{EE73766E-DA73-49EA-89B4-618989DA43F0}.Release|x64.ActiveCfg = Release|x64
		{EE73766E-DA73-49EA-89B4-618989DA43F0}.Release|x64.Build.0 = Release|x64
		{EE73766E-DA73-49EA-89B4-618989DA43F0}.Release|x86.ActiveCfg = Release|Win32
		{EE73766E-DA73-49EA-89B4-618989DA43F0}.Release|x86.Build.0 = Release|Win32
		{BE564E49-7F2D-4068-8239-529055AC1E69}.Debug|x64.ActiveCfg = Debug|x64
		{BE564E49-7F2D-4068-8239-529055AC1E69}.Debug|x64.Build.0 = Debug|x64
		{BE564E49-7F2D-4068-8239-529055AC1E69}.Debug|x86.ActiveCfg = Debug|Win32
		{BE564E49-7F2D-4068-8239-529055AC1E69}.Debug|x86.Build.0 = Debug|Win32
		{BE564E49-7F2D-4068-8239-529055AC1E69}.Release|x64.ActiveCfg = Release|x64
		{BE564E49-7F2D-4068-8239-529055AC1E69}.Release|x64.Build.0 = Release|x64
		{BE564E49-7F2D-4068-8239-529055AC1E69}.Release|x86.ActiveCfg = Release|Win32
		{BE564E49-7F2D-4068-8239-529055AC1E69}.Release|x86.Build.0 = Release|Win32
		{87952944-E52C-4B83-84DD-B7F9D6BB4479}.Debug|x64.ActiveCfg = Debug|x64
		{87952944-E52C-4B83-84DD-B7F9D6BB4479}.Debug|x64.Build.0 = Debug|x64
		{87952944-E52C-4B83-84DD-B7F9D6BB4479}.Debug|x86.ActiveCfg = Debug|Win32
		{87952944-E52C-4B83-84DD-B7F9D6BB4479}.Debug|x86.Build.0 = Debug|Win32
		{87952944-E52C-4B83-84DD-B7F9D6BB4479}.Release|x64.ActiveCfg = Release|x64
		{87952944-E52C-4B83-84DD-B7F9D6BB4479}.Release|x64.Build.0 = Release|x64
		{87952944-E52C-4B83-84DD-B7F9D6BB4479}.Release|x86.ActiveCfg = Release|Win32
		{87952944-E52C-4B83-84DD-B7F9D6BB4479}.Release|x86.Build.0 = Release|Win32
		{7E8BA1A8-642A-44D5-8C07-B1C552DE04A2}.Debug|x64.ActiveCfg = Debug|x64
		{7E8BA1A8-642A-44D5-8C07-B1C552DE04A2}.Debug|x64.Build.0 = Debug|x64
		{7E8BA1A8-642A-44D5-8C07-B1C552DE04A2}.Debug|x86.ActiveCfg = Debug|Win32
		{7E8BA1A8-642A-44D5-8C07-B1C552DE04A2}.Debug|x86.Build.0 = Debug|Win32
		{7E8BA1A8-642A-44D5-8C07-B1C552DE04A2}.Release|x64.ActiveCfg = Release|x64
		{7E8BA1A8-642A-44D5-8C07-B1C552DE04A2}.Release|x64.Build.0 = Release|x64
		{7E8BA1A8-642A-44D5-8C07-B1C552DE04A2}.Release|x86.ActiveCfg = Release|Win32
		{7E8BA1A8-642A-44D5-8C07-B1C552DE04A2}.Release|x86.Build.0 = Release|Win32
		{4A7F1BA2-EFDF-48DC-87C5-A73CDEB2FC70}.Debug|x64.ActiveCfg = Debug|x64
		{4A7F1BA2-EFDF-48DC-87C5-A73CDEB2FC70}.Debug|x64.Build.0 = Debug|x64
		{4A7F1BA2-EFDF-48DC-87C5-A73CDEB2FC70}.Debug|x86.ActiveCfg = Debug|Win32
		{4A7F1BA2-EFDF-48DC-87C5-A73CDEB2FC70}.Debug|x86.Build.0 = Debug|Win32
		{4A7F1BA2-EFDF-48DC-87C5-A73CDEB2FC70}.Release|x64.ActiveCfg = Release|x64
		{4A7F1BA2-EFDF-48DC-87C5-A73CDEB2FC70}.Release|x64.Build.0 = Release|x64
		{4A7F1BA2-EFDF-48DC-87C5-A73CDEB2FC70}.Release|x86.ActiveCfg = Release|Win32
		{4A7F1BA2-EFDF-48DC-87C5-A73CDEB2FC70}.Release|x86.Build.0 = Release|Win32
		{F75C0031-10B5-42D8-9207-1AAF31A9B5DF}.Debug|x64.ActiveCfg = Debug|x64
		{F75C0031-10B5-42D8-9207-1AAF31A9B5DF}.Debug|x64.Build.0 = Debug|x64
		{F75C0031-10B5-42D8-9207-1AAF31A9B5DF}.Debug|x86.ActiveCfg = Debug|Win32
		{F75C0031-10B5-42D8-9207-1AAF31A9B5DF}.Debug|x86.Build.0 = Debug|Win32
		{F75C0031-10B5-42D8-9207-1AAF31A9B5DF}.Release|x64.ActiveCfg = Release|x64
		{F75C0031-10B5-42D8-9207-1AAF31A9B5DF}.Release|x64.Build.0 = Release|x64
		{F75C0031-10B5-42D8-9207-1AAF31A9B5DF}.Release|x86.ActiveCfg = Release|Win32
		{F75C0031-10B5-42D8-9207-1AAF31A9B5DF}.Release|x86.Build.0 = Release|Win32
		{DFF90B69-CAE3-42F0-8ED5-96EDCC3EBFD1}.Debug|x64.ActiveCfg = Debug|x64
		{DFF90B69-CAE3-42F0-8ED5-96EDCC3EBFD1}.Debug|x64.Build.0 = Debug|x64
		{DFF90B69-CAE3-42F0-8ED5-96EDCC3EBFD1}.Debug|x86.ActiveCfg = Debug|Win32
		{DFF90B69-CAE3-42F0-8ED5-96EDCC3EBFD1}.Debug|x86.Build.0 = Debug|Win32
		{DFF90B69-CAE3-42F0-8ED5-96EDCC3EBFD1}.Release|x64.ActiveCfg = Release|x64
		{DFF90B69-CAE3-42F0-8ED5-96EDCC3EBFD1}.Release|x64.Build.0 = Release|x64
		{DFF90B69-CAE3-42F0-8ED5-96EDCC3EBFD1}.Release|x86.ActiveCfg = Release|Win32
		{DFF90B69-CAE3-42F0-8ED5-96EDCC3EBFD1}.Release|x86.Build.0 = Release|Win32
		{DC9BF6D7-58EA-4D1B-A83D-047797EECDA6}.Debug|x64.ActiveCfg = Debug|x64
		{DC9BF6D7-58EA-4D1B-A83D-047797EECDA6}.Debug|x64.Build.0 = Debug|x64
		{DC9BF6D7-58EA-4D1B-A83D-047797EECDA6}.Debug|x86.ActiveCfg = Debug|Win32
		{DC9BF6D7-58EA-4D1B-A83D-047797EECDA6}.Debug|x86.Build.0 = Debug|Win32
		{DC9BF6D7-58EA-4D1B-A83D-047797EECDA6}.Release|x64.ActiveCfg = Release|x64
		{DC9BF6D7-58EA-4D1B-A83D-047797EECDA6}.Release|x64.Build.0 = Release|x64
		{DC9BF6D7-58EA-4D1B-A83D-047797EECDA6}.Release|x86.ActiveCfg = Release|Win32
		{DC9BF6D7-58EA-4D1B-A83D-047797EECDA6}.Release|x86.Build.0 = Release|Win32
		{0B2D22AE-A3F0-44ED-A9F1-F821590FB336}.Debug|x64.ActiveCfg = Debug|x64
		{0B2D22AE-A3F0-44ED-A9F1-F821590FB336}.Debug|x64.Build.0 = Debug|x64
		{0B2D22AE-A3F0-44ED-A9F1-F821590FB336}.Debug|x86.ActiveCfg = Debug|Win32
		{0B2D22AE-A3F0-44ED-A9F1-F821590FB336}.Debug|x86.Build.0 = Debug|Win32
		{0B2D22AE-A3F0-44ED-A9F1-F821590FB336}.Release|x64.ActiveCfg = Release|x64
		{0B2D22AE-A3F0-44ED-A9F1-F821590FB336}.Release|x64.Build.0 = Release|x64
		{0B2D22AE-A3F0-44ED-A9F1-F821590FB336}.Release|x86.ActiveCfg = Release|Win32
		{0B2D22AE-A3F0-44ED-A9F1-F821590FB336}.Release|x86.Build.0 = Release|Win32
		{D449971D-AAC9-4D11-B710-32AFA9BFB77D}.Debug|x64.ActiveCfg = Debug|x64
		{D449971D-AAC9-4D11-B710-32AFA9BFB77D}.Debug|x64.Build.0 = Debug|x64
		{D449971D-AAC9-4D11-B710-32AFA9BFB77D}.Debug|x86.ActiveCfg = Debug|Win32
		{D449971D-AAC9-4D11-B710-32AFA9BFB77D}.Debug|x86.Build.0 = Debug|Win32
		{D449971D-AAC9-4D11-B710-32AFA9BFB77D}.Release|x64.ActiveCfg = Release|x64
		{D449971D-AAC9-4D11-B710-32AFA9BFB77D}.Release|x64.Build.0 = Release|x64
		{D449971D-AAC9-4D11-B710-32AFA9BFB77D}.Release|x86.ActiveCfg = Release|Win32
		{D449971D-AAC9-4D11-B710-32AFA9BFB77D}.Release|x86.Build.0 = Release|Win32
		{FFFCB8C5-92B4-4EC5-9D0A-36A6B9A45EA1}.Debug|x64.ActiveCfg = Debug|x64
		{FFFCB8C5-92B4-4EC5-9D0A-36A6B9A45EA1}.Debug|x64.Build.0 = Debug|x64
		{FFFCB8C5-92B4-4EC5-9D0A-36A6B9A45EA1}.Debug|x86.ActiveCfg = Debug|Win32
		{FFFCB8C5-92B4-4EC5-9D0A-36A6B9A45EA1}.Debug|x86.Build.0 = Debug|Win32
		{FFFCB8C5-92B4-4EC5-9D0A-36A6B9A45EA1}.Release|x64.ActiveCfg = Release|x64
		{FFFCB8C5-92B4-4EC5-9D0A-36A6B9A45EA1}.Release|x64.Build.0 = Release|x64
		{FFFCB8C5-92B4-4EC5-9D0A-36A6B9A45EA1}.Release|x86.ActiveCfg = Release|Win32
		{FFFCB8C5-92B4-4EC5-9D0A-36A6B9A45EA1}.Release|x86.Build.0 = Release|Win32
		{76B22D4C-3171-4D73-AB6A-874095D863EF}.Debug|x64.ActiveCfg = Debug|x64
		{76B22D4C-3171-4D73-AB6A-874095D863EF}.Debug|x64.Build.0 = Debug|x64
		{76B22D4C-3171-4D73-AB6A-874095D863EF}.Debug|x86.ActiveCfg = Debug|Win32
		{76B22D4C-3171-4D73-AB6A-874095D863EF}.Debug|x86.Build.0 = Debug|Win32
		{76B22D4C-3171-4D73-AB6A-874095D863EF}.Release|x64.ActiveCfg = Release|x64
		{76B22D4C-3171-4D73-AB6A-874095D863EF}.Release|x64.Build.0 = Release|x64
		{76B22D4C-3171-4D73-AB6A-874095D863EF}.Release|x86.ActiveCfg = Release|Win32
		{76B22D4C-3171-4D73-AB6A-874095D863EF}.Release|x86.Build.0 = Release|Win32
		{1022E438-6262-4491-981C-59C349C4621D}.Debug|x64.ActiveCfg = Debug|x64
		{1022E438-6262-4491-981C-59C349C4621D}.Debug|x64.Build.0 = Debug|x64
		{1022E438-6262-4491-981C-59C349C4621D}.Debug|x86.ActiveCfg = Debug|Win32
		{1022E438-6262-4491-981C-59C349C4621D}.Debug|x86.Build.0 = Debug|Win32
		{1022E438-6262-4491-981C-59C349C4621D}.Release|x64.ActiveCfg = Release|x64
		{1022E438-6262-4491-981C-59C349C4621D}.Release|x64.Build.0 = Release|x64
		{1022E438-6262-4491-981C-59C349C4621D}.Release|x86.ActiveCfg = Release|Win32
		{1022E438-6262-4491-981C-59C349C4621D}.Release|x86.Build.0 = Release|Win32
		{BC4A0D64-F5DC-4430-9FB0-F7F3560F786F}.Debug|x64.ActiveCfg = Debug|x64
		{BC4A0D64-F5DC-4430-9FB0-F7F3560F786F}.Debug|x64.Build.0 = Debug|x64
		{BC4A0D64-F5DC-4430-9FB0-F7F3560F786F}.Debug|x86.ActiveCfg = Debug|Win32
		{BC4A0D64-F5DC-4430-9FB0-F7F3560F786F}.Debug|x86.Build.0 = Debug|Win32
		{BC4A0D64-F5DC-4430-9FB0-F7F3560F786F}.Release|x64.ActiveCfg = Release|x64
		{BC4A0D64-F5DC-4430-9FB0-F7F3560F786F}.Release|x64.Build.0 = Release|x64
		{BC4A0D64-F5DC-4430-9FB0-F7F3560F786F}.Release|x86.ActiveCfg = Release|Win32
		{BC4A0D64-F5DC-4430-9FB0-F7F3560F786F}.Release|x86.Build.0 = Release|Win32
		{D23485C8-47C9-4EA8-A0AC-0F37B15A0121}.Debug|x64.ActiveCfg = Debug|x64
		{D23485C8-47C9-4EA8-A0AC-0F37B15A0121}.Debug|x64.Build.0 = Debug|x64
		{D23485C8-47C9-4EA8-A0AC-0F37B15A0121}.Debug|x86.ActiveCfg = Debug|Win32
		{D23485C8-47C9-4EA8-A0AC-0F37B15A0121}.Debug|x86.Build.0 = Debug|Win32
		{D23485C8-47C9-4EA8-A0AC-0F37B15A0121}.Release|x64.ActiveCfg = Release|x64
		{D23485C8-47C9-4EA8-A0AC-0F37B15A0121}.Release|x64.Build.0 = Release|x64
		{D23485C8-47C9-4EA8-A0AC-0F37B15A0121}.Release|x86.ActiveCfg = Release|Win32
		{D23485C8-47C9-4EA8-A0AC-0F37B15A0121}.Release|x86.Build.0 = Release|Win32
		{70687824-C0C6-4D65-9C71-D04DAD86074B}.Debug|x64.ActiveCfg = Debug|x64
		{70687824-C0C6-4D65-9C71-D04DAD86074B}.Debug|x64.Build.0 = Debug|x64
		{70687824-C0C6-4D65-9C71-D04DAD86074B}.Debug|x86.ActiveCfg = Debug|Win32
		{70687824-C0C6-4D65-9C71-D04DAD86074B}.Debug|x86.Build.0 = Debug|Win32
		{70687824-C0C6-4D65-9C71-D04DAD86074B}.Release|x64.ActiveCfg = Release|x64
		{70687824-C0C6-4D65-9C71-D04DAD86074B}.Release|x64.Build.0 = Release|x64
		{70687824-C0C6-4D65-9C71-D04DAD86074B}.Release|x86.ActiveCfg = Release|Win32
		{70687824-C0C6-4D65-9C71-D04DAD86074B}.Release|x86.Build.0 = Release|Win32
		{6B812DAC-180A-41E0-A9E7-36EA167C79B9}.Debug|x64.ActiveCfg = Debug|x64
		{6B812DAC-180A-41E0-A9E7-36EA167C79B9}.Debug|x64.Build.0 = Debug|x64
		{6B812DAC-180A-41E0-A9E7-36EA167C79B9}.Debug|x86.ActiveCfg = Debug|Win32
		{6B812DAC-180A-41E0-A9E7-36EA167C79B9}.Debug|x86.Build.0 = Debug|Win32
		{6B812DAC-180A-41E0-A9E7-36EA167C79B9}.Release|x64.ActiveCfg = Release|x64
		{6B812DAC-180A-41E0-A9E7-36EA167C79B9}.Release|x64.Build.0 = Release|x64
		{6B812DAC-180A-41E0-A9E7-36EA167C79B9}.Release|x86.ActiveCfg = Release|Win32
		{6B812DAC-180A-41E0-A9E7-36EA167C79B9}.Release|x86.Build.0 = Release|Win32
		{8D151E30-D473-480D-8650-DED2BC33B98B}.Debug|x64.ActiveCfg = Debug|x64
		{8D151E30-D473-480D-8650-DED2BC33B98B}.Debug|x64.Build.0 = Debug|x64
		{8D151E30-D473-480D-8650-DED2BC33B98B}.Debug|x86.ActiveCfg = Debug|Win32
		{8D151E30-D473-480D-8650-DED2BC33B98B}.Debug|x86.Build.0 = Debug|Win32
		{8D151E30-D473-480D-8650-DED2BC33B98B}.Release|x64.ActiveCfg = Release|x64
		{8D151E30-D473-480D-8650-DED2BC33B98B}.Release|x64.Build.0 = Release|x64
		{8D151E30-D473-480D-8650-DED2BC33B98B}.Release|x86.ActiveCfg = Release|Win32
		{8D151E30-D473-480D-8650-DED2BC33B98B}.Release|x86.Build.0 = Release|Win32
		{B379B923-EF46-429A-B342-2F4E222D0F18}.Debug|x64.ActiveCfg = Debug|x64
		{B379B923-EF46-429A-B342-2F4E222D0F18}.Debug|x64.Build.0 = Debug|x64
		{B379B923-EF46-429A-B342-2F4E222D0F18}.Debug|x86.ActiveCfg = Debug|Win32
		{B379B923-EF46-429A-B342-2F4E222D0F18}.Debug|x86.Build.0 = Debug|Win32
		{B379B923-EF46-429A-B342-2F4E222D0F18}.Release|x64.ActiveCfg = Release|x64
		{B379B923-EF46-429A-B342-2F4E222D0F18}.Release|x64.Build.0 = Release|x64
		{B379B923-EF46-429A-B342-2F4E222D0F18}.Release|x86.ActiveCfg = Release|Win32
		{B379B923-EF46-429A-B342-2F4E222D0F18}.Release|x86.Build.0 = Release|Win32
		{A3DC583D-B098-478F-8504-38844ED78D6D}.Debug|x64.ActiveCfg = Debug|x64
		{A3DC583D-B098-478F-8504-38844ED78D6D}.Debug|x64.Build.0 = Debug|x64
		{A3DC583D-B098-478F-8504-38844ED78D6D}.Debug|x86.ActiveCfg = Debug|Win32
		{A3DC583D-B098-478F-8504-38844ED78D6D}.Debug|x86.Build.0 = Debug|Win32
		{A3DC583D-B098-478F-8504-38844ED78D6D}.Release|x64.ActiveCfg = Release|x64
		{A3DC583D-B098-478F-8504-38844ED78D6D}.Release|x64.Build.0 = Release|x64
		{A3DC583D-B098-478F-8504-38844ED78D6D}.Release|x86.ActiveCfg = Release|Win32
		{A3DC583D-B098-478F-8504-38844ED78D6D}.Release|x86.Build.0 = Release|Win32
		{EF921E01-600A-43FA-9662-8F51C9DFAB7A}.Debug|x64.ActiveCfg = Debug|x64
		{EF921E01-600A-43FA-9662-8F51C9DFAB7A}.Debug|x64.Build.0 = Debug|x64
		{EF921E01-600A-43FA-9662-8F51C9DFAB7A}.Debug|x86.ActiveCfg = Debug|Win32
		{EF921E01-600A-43FA-9662-8F51C9DFAB7A}.Debug|x86.Build.0 = Debug|Win32
		{EF921E01-600A-43FA-9662-8F51C9DFAB7A}.Release|x64.ActiveCfg = Release|x64
		{EF921E01-600A-43FA-9662-8F51C9DFAB7A}.Release|x64.Build.0 = Release|x64
		{EF921E01-600A-43FA-9662-8F51C9DFAB7A}.Release|x86.ActiveCfg = Release|Win32
		{EF921E01-600A-43FA-9662-8F51C9DFAB7A}.Release|x86.Build.0 = Release|Win32
		{726D17ED-C8AE-49E4-B536-E0FE6AB889F4}.Debug|x64.ActiveCfg = Debug|x64
		{726D17ED-C8AE-49E4-B536-E0FE6AB889F4}.Debug|x64.Build.0 = Debug|x64
		{726D17ED-C8AE-49E4-B536-E0FE6AB889F4}.Debug|x86.ActiveCfg = Debug|Win32
		{726D17ED-C8AE-49E4-B536-E0FE6AB889F4}.Debug|x86.Build.0 = Debug|Win32
		{726D17ED-C8AE-49E4-B536-E0FE6AB889F4}.Release|x64.ActiveCfg = Release|x64
		{726D17ED-C8AE-49E4-B536-E0FE6AB889F4}.Release|x64.Build.0 = Release|x64
		{726D17ED-C8AE-49E4-B536-E0FE6AB889F4}.Release|x86.ActiveCfg = Release|Win32
		{726D17ED-C8AE-49E4-B536-E0FE6AB889F4}.Release|x86.Build.0 = Release|Win32
		{A098852C-54B1-4D8A-A02C-502610840AC2}.Debug|x64.ActiveCfg = Debug|x64
		{A098852C-54B1-4D8A-A02C-502610840AC2}.Debug|x64.Build.0 = Debug|x64
		{A098852C-54B1-4D8A-A02C-502610840AC2}.Debug|x86.ActiveCfg = Debug|Win32
		{A098852C-54B1-4D8A-A02C-502610840AC2}.Debug|x86.Build.0 = Debug|Win32
		{A098852C-54B1-4D8A-A02C-502610840AC2}.Release|x64.ActiveCfg = Release|x64
		{A098852C-54B1-4D8A-A02C-502610840AC2}.Release|x64.Build.0 = Release|x64
		{A098852C-54B1-4D8A-A02C-502610840AC2}.Release|x86.ActiveCfg = Release|Win32
		{A098852C-54B1-4D8A-A02C-502610840AC2}.Release|x86.Build.0 = Release|Win32
		{221A94D5-794D-42E3-85BE-635C1712EF2D}.Debug|x64.ActiveCfg = Debug|x64
		{221A94D5-794D-42E3-85BE-635C1712EF2D}.Debug|x64.Build.0 = Debug|x64
		{221A94D5-794D-42E3-85BE-635C1712EF2D}.Debug|x86.ActiveCfg = Debug|Win32
		{221A94D5-794D-42E3-85BE-635C1712EF2D}.Debug|x86.Build.0 = Debug|Win32
		{221A94D5-794D-42E3-85BE-635C1712EF2D}.Release|x64.ActiveCfg = Release|x64
		{221A94D5-794D-42E3-85BE-635C1712EF2D}.Release|x64.Build.0 = Release|x64
		{221A94D5-794D-42E3-85BE-635C1712EF2D}.Release|x86.ActiveCfg = Release|Win32
		{221A94D5-794D-42E3-85BE-635C1712EF2D}.Release|x86.Build.0 = Release|Win32
		{0A900FC1-7491-49B1-983F-F79418766D82}.Debug|x64.ActiveCfg = Debug|x64
		{0A900FC1-7491-49B1-983F-F79418766D82}.Debug|x64.Build.0 = Debug|x64
		{0A900FC1-7491-49B1-983F-F79418766D82}.Debug|x86.ActiveCfg = Debug|Win32
		{0A900FC1-7491-49B1-983F-F79418766D82}.Debug|x86.Build.0 = Debug|Win32
		{0A900FC1-7491-49B1-983F-F79418766D82}.Release|x64.ActiveCfg = Release|x64
		{0A900FC1-7491-49B1-983F-F79418766D82}.Release|x64.Build.0 = Release|x64
		{0A900FC1-7491-49B1-983F-F79418766D82}.Release|x86.ActiveCfg = Release|Win32
		{0A900FC1-7491-49B1-983F-F79418766D82}.Release|x86.Build.0 = Release|Win32
		{005BE447-669B-452C-A236-A14EF31797AF}.Debug|x64.ActiveCfg = Debug|x64
		{005BE447-669B-452C-A236-A14EF31797AF}.Debug|x64.Build.0 = Debug|x64
		{005BE447-669B-452C-A236-A14EF31797AF}.Debug|x86.ActiveCfg = Debug|Win32
		{005BE447-669B-452C-A236-A14EF31797AF}.Debug|x86.Build.0 = Debug|Win32
		{005BE447-669B-452C-A236-A14EF31797AF}.Release|x64.ActiveCfg = Release|x64
		{005BE447-669B-452C-A236-A14EF31797AF}.Release|x64.Build.0 = Release|x64
		{005BE447-669B-452C-A236-A14EF31797AF}.Release|x86.ActiveCfg = Release|Win32
		{005BE447-669B-452C-A236-A14EF31797AF}.Release|x86.Build.0 = Release|Win32
		{46CD750A-597F-4BD1-9E22-47AD6B750E17}.Debug|x64.ActiveCfg = Debug|x64
		{46CD750A-597F-4BD1-9E22-47AD6B750E17}.Debug|x64.Build.0 = Debug|x64
		{46CD750A-597F-4BD1-9E22-47AD6B750E17}.Debug|x86.ActiveCfg = Debug|Win32
		{46CD750A-597F-4BD1-9E22-47AD6B750E17}.Debug|x86.Build.0 = Debug|Win32
		{46CD750A-597F-4BD1-9E22-47AD6B750E17}.Release|x64.ActiveCfg = Release|x64
		{46CD750A-597F-4BD1-9E22-47AD6B750E17}.Release|x64.Build.0 = Release|x64
		{46CD750A-597F-4BD1-9E22-47AD6B750E17}.Release|x86.ActiveCfg = Release|Win32
		{46CD750A-597F-4BD1-9E22-47AD6B750E17}.Release|x86.Build.0 = Release|Win32
		{DE7CC376-49FA-455D-9F93-E31323343A00}.Debug|x64.ActiveCfg = Debug|x64
		{DE7CC376-49FA-455D-9F93-E31323343A00}.Debug|x64.Build.0 = Debug|x64
		{DE7CC376-49FA-455D-9F93-E31323343A00}.Debug|x86.ActiveCfg = Debug|Win32
		{DE7CC376-49FA-455D-9F93-E31323343A00}.Debug|x86.Build.0 = Debug|Win32
		{DE7CC376-49FA-455D-9F93-E31323343A00}.Release|x64.ActiveCfg = Release|x64
		{DE7CC376-49FA-455D-9F93-E31323343A00}.Release|x64.Build.0 = Release|x64
		{DE7CC376-49FA-455D-9F93-E31323343A00}.Release|x86.ActiveCfg = Release|Win32
		{DE7CC376-49FA-455D-9F93-E31323343A00}.Release|x86.Build.0 = Release|Win32
		{91041B29-9E08-47A2-A820-6CAB1FCD88B9}.Debug|x64.ActiveCfg = Debug|x64
		{91041B29-9E08-47A2-A820-6CAB1FCD88B9}.Debug|x64.Build.0 = Debug|x64
		{91041B29-9E08-47A2-A820-6CAB1FCD88B9}.Debug|x86.ActiveCfg = Debug|Win32
		{91041B29-9E08-47A2-A820-6CAB1FCD88B9}.Debug|x86.Build.0 = Debug|Win32
		{91041B29-9E08-47A2-A820-6CAB1FCD88B9}.Release|x64.ActiveCfg = Release|x64
		{91041B29-9E08-47A2-A820-6CAB1FCD88B9}.Release|x64.Build.0 = Release|x64
		{91041B29-9E08-47A2-A820-6CAB1FCD88B9}.Release|x86.ActiveCfg = Release|Win32
		{91041B29-9E08-47A2-A820-6CAB1FCD88B9}.Release|x86.Build.0 = Release|Win32
		{045C9EAF-AFAD-48A2-8251-9D331463C040}.Debug|x64.ActiveCfg = Debug|x64
		{045C9EAF-AFAD-48A2-8251-9D331463C040}.Debug|x64.Build.0 = Debug|x64
		{045C9EAF-AFAD-48A2-8251-9D331463C040}.Debug|x86.ActiveCfg = Debug|Win32
		{045C9EAF-AFAD-48A2-8251-9D331463C040}.Debug|x86.Build.0 = Debug|Win32
		{045C9EAF-AFAD-48A2-8251-9D331463C040}.Release|x64.ActiveCfg = Release|x64
		{045C9EAF-AFAD-48A2-8251-9D331463C040}.Release|x64.Build.0 = Release|x64
		{045C9EAF-AFAD-48A2-8251-9D331463C040}.Release|x86.ActiveCfg = Release|Win32
		{045C9EAF-AFAD-48A2-8251-9D331463C040}.Release|x86.Build.0 = Release|Win32
		{6BD0C29D-32BE-4005-A0C5-38C12B840B5F}.Debug|x64.ActiveCfg = Debug|x64
		{6BD0C29D-32BE-4005-A0C5-38C12B840B5F}.Debug|x64.Build.0 = Debug|x64
		{6BD0C29D-32BE-4005-A0C5-38C12B840B5F}.Debug|x86.ActiveCfg = Debug|Win32
		{6BD0C29D-32BE-4005-A0C5-38C12B840B5F}.Debug|x86.Build.0 = Debug|Win32
		{6BD0C29D-32BE-4005-A0C5-38C12B840B5F}.Release|x64.ActiveCfg = Release|x64
		{6BD0C29D-32BE-4005-A0C5-38C12B840B5F}.Release|x64.Build.0 = Release|x64
		{6BD0C29D-32BE-4005-A0C5-38C12B840B5F}.Release|x86.ActiveCfg = Release|Win32
		{6BD0C29D-32BE-4005-A0C5-38C12B840B5F}.Release|x86.Build.0 = Release|Win32
		{C301836B-6941-4F75-B5ED-12322AEB83AF}.Debug|x64.ActiveCfg = Debug|x64
		{C301836B-6941-4F75-B5ED-12322AEB83AF}.Debug|x64.Build.0 = Debug|x64
		{C301836B-6941-4F75-B5ED-12322AEB83AF}.Debug|x86.ActiveCfg = Debug|Win32
		{C301836B-6941-4F75-B5ED-12322AEB83AF}.Debug|x86.Build.0 = Debug|Win32
		{C301836B-6941-4F75-B5ED-12322AEB83AF}.Release|x64.ActiveCfg = Release|x64
		{C301836B-6941-4F75-B5ED-12322AEB83AF}.Release|x64.Build.0 = Release|x64
		{C301836B-6941-4F75-B5ED-12322AEB83AF}.Release|x86.ActiveCfg = Release|Win32
		{C301836B-6941-4F75-B5ED-12322AEB83AF}.Release|x86.Build.0 = Release|Win32
		{F40FD710-596E-4131-A8E2-0C32FBE118FD}.Debug|x64.ActiveCfg = Debug|x64
		{F40FD710-596E-4131-A8E2-0C32FBE118FD}.Debug|x64.Build.0 = Debug|x64
		{F40FD710-596E-4131-A8E2-0C32FBE118FD}.Debug|x86.ActiveCfg = Debug|Win32
		{F40FD710-596E-4131-A8E2-0C32FBE118FD}.Debug|x86.Build.0 = Debug|Win32
		{F40FD710-596E-4131-A8E2-0C32FBE118FD}.Release|x64.ActiveCfg = Release|x64
		{F40FD710-596E-4131-A8E2-0C32FBE118FD}.Release|x64.Build.0 = Release|x64
		{F40FD710-596E-4131-A8E2-0C32FBE118FD}.Release|x86.ActiveCfg = Release|Win32
		{F40FD710-596E-4131-A8E2-0C32FBE118FD}.Release|x86.Build.0 = Release|Win32
		{1A7A1165-6A04-4577-B138-8338323ABCE9}.Debug|x64.ActiveCfg = Debug|x64
		{1A7A1165-6A04-4577-B138-8338323ABCE9}.Debug|x64.Build.0 = Debug|x64
		{1A7A1165-6A04-4577-B138-8338323ABCE9}.Debug|x86.ActiveCfg = Debug|Win32
		{1A7A1165-6A04-4577-B138-8338323ABCE9}.Debug|x86.Build.0 = Debug|Win32
		{1A7A1165-6A04-4577-B138-8338323ABCE9}.Release|x64.ActiveCfg = Release|x64
		{1A7A1165-6A04-4577-B138-8338323ABCE9}.Release|x64.Build.0 = Release|x64
		{1A7A1165-6A04-4577-B138-8338323ABCE9}.Release|x86.ActiveCfg = Release|Win32
		{1A7A1165-6A04-4577-B138-8338323ABCE9}.Release|x86.Build.0 = Release|Win32
		{27936333-BF95-4953-8427-56E34C289A06}.Debug|x64.ActiveCfg = Debug|x64
		{27936333-BF95-4953-8427-56E34C289A06}.Debug|x64.Build.0 = Debug|x64
		{27936333-BF95-4953-8427-56E34C289A06}.Debug|x86.ActiveCfg = Debug|Win32
		{27936333-BF95-4953-8427-56E34C289A06}.Debug|x86.Build.0 = Debug|Win32
		{27936333-BF95-4953-8427-56E34C289A06}.Release|x64.ActiveCfg = Release|x64
		{27936333-BF95-4953-8427-56E34C289A06}.Release|x64.Build.0 = Release|x64
		{27936333-BF95-4953-8427-56E34C289A06}.Release|x86.ActiveCfg = Release|Win32
		{27936333-BF95-4953-8427-56E34C289A06}.Release|x86.Build.0 = Release|Win32
		{3F8DB424-E485-42B5-A80A-4CA29AC467F0}.Debug|x64.ActiveCfg = Debug|x64
		{3F8DB424-E485-42B5-A80A-4CA29AC467F0}.Debug|x64.Build.0 = Debug|x64
		{3F8DB424-E485-42B5-A80A-4CA29AC467F0}.Debug|x86.ActiveCfg = Debug|Win32
		{3F8DB424-E485-42B5-A80A-4CA29AC467F0}.Debug|x86.Build.0 = Debug|Win32
		{3F8DB424-E485-42B5-A80A-4CA29AC467F0}.Release|x64.ActiveCfg = Release|x64
		{3F8DB424-E485-42B5-A80A-4CA29AC467F0}.Release|x64.Build.0 = Release|x64
		{3F8DB424-E485-42B5-A80A-4CA29AC467F0}.Release|x86.ActiveCfg = Release|Win32
		{3F8DB424-E485-42B5-A80A-4CA29AC467F0}.Release|x86.Build.0 = Release|Win32
		{5D13B977-DB76-44B2-9098-B0F69D7C98D6}.Debug|x64.ActiveCfg = Debug|x64
		{5D13B977-DB76-44B2-9098-B0F69D7C98D6}.Debug|x64.Build.0 = Debug|x64
		{5D13B977-DB76-44B2-9098-B0F69D7C98D6}.Debug|x86.ActiveCfg = Debug|Win32
		{5D13B977-DB76-44B2-9098-B0F69D7C98D6}.Debug|x86.Build.0 = Debug|Win32
		{5D13B977-DB76-44B2-9098-B0F69D7C98D6}.Release|x64.ActiveCfg = Release|x64
		{5D13B977-DB76-44B2-9098-B0F69D7C98D6}.Release|x64.Build.0 = Release|x64
		{5D13B977-DB76-44B2-9098-B0F69D7C98D6}.Release|x86.ActiveCfg = Release|Win32
		{5D13B977-DB76-44B2-9098-B0F69D7C98D6}.Release|x86.Build.0 = Release|Win32
		{E377FAC6-392E-469D-BAB1-B273569AC729}.Debug|x64.ActiveCfg = Debug|x64
		{E377FAC6-392E-469D-BAB1-B273569AC729}.Debug|x64.Build.0 = Debug|x64
		{E377FAC6-392E-469D-BAB1-B273569AC729}.Debug|x86.ActiveCfg = Debug|Win32
		{E377FAC6-392E-469D-BAB1-B273569AC729}.Debug|x86.Build.0 = Debug|Win32
		{E377FAC6-392E-469D-BAB1-B273569AC729}.Release|x64.ActiveCfg = Release|x64
		{E377FAC6-392E-469D-BAB1-B273569AC729}.Release|x64.Build.0 = Release|x64
		{E377FAC6-392E-469D-BAB1-B273569AC729}.Release|x86.ActiveCfg = Release|Win32
		{E377FAC6-392E-469D-BAB1-B273569AC729}.Release|x86.Build.0 = Release|Win32
		{DE1F4A36-4483-40B9-BAFD-51A876B52250}.Debug|x64.ActiveCfg = Debug|x64
		{DE1F4A36-4483-40B9-BAFD-51A876B52250}.Debug|x64.Build.0 = Debug|x64
		{DE1F4A36-4483-40B9-BAFD-51A876B52250}.Debug|x86.ActiveCfg = Debug|Win32
		{DE1F4A36-4483-40B9-BAFD-51A876B52250}.Debug|x86.Build.0 = Debug|Win32
		{DE1F4A36-4483-40B9-BAFD-51A876B52250}.Release|x64.ActiveCfg = Release|x64
		{DE1F4A36-4483-40B9-BAFD-51A876B52250}.Release|x64.Build.0 = Release|x64
		{DE1F4A36-4483-40B9-BAFD-51A876B52250}.Release|x86.ActiveCfg = Release|Win32
		{DE1F4A36-4483-40B9-BAFD-51A876B52250}.Release|x86.Build.0 = Release|Win32
		{78999F1F-ECC6-42D4-9D49-1AE76BDE7244}.Debug|x64.ActiveCfg = Debug|x64
		{78999F1F-ECC6-42D4-9D49-1AE76BDE7244}.Debug|x64.Build.0 = Debug|x64
		{78999F1F-ECC6-42D4-9D49-1AE76BDE7244}.Debug|x86.ActiveCfg = Debug|Win32
		{78999F1F-ECC6-42D4-9D49-1AE76BDE7244}.Debug|x86.Build.0 = Debug|Win32
		{78999F1F-ECC6-42D4-9D49-1AE76BDE7244}.Release|x64.ActiveCfg = Release|x64
		{78999F1F-ECC6-42D4-9D49-1AE76BDE7244}.Release|x64.Build.0 = Release|x64
		{78999F1F-ECC6-42D4-9D49-1AE76BDE7244}.Release|x86.ActiveCfg = Release|Win32
		{78999F1F-ECC6-42D4-9D49-1AE76BDE7244}.Release|x86.Build.0 = Release|Win32
		{78812D90-E9B4-4DC6-A856-0FBF0633CDD0}.Debug|x64.ActiveCfg = Debug|x64
		{78812D90-E9B4-4DC6-A856-0FBF0633CDD0}.Debug|x64.Build.0 = Debug|x64
		{78812D90-E9B4-4DC6-A856-0FBF0633CDD0}.Debug|x86.ActiveCfg = Debug|Win32
		{78812D90-E9B4-4DC6-A856-0FBF0633CDD0}.Debug|x86.Build.0 = Debug|Win32
		{78812D90-E9B4-4DC6-A856-0FBF0633CDD0}.Release|x64.ActiveCfg = Release|x64
		{78812D90-E9B4-4DC6-A856-0FBF0633CDD0}.Release|x64.Build.0 = Release|x64
		{78812D90-E9B4-4DC6-A856-0FBF0633CDD0}.Release|x86.ActiveCfg = Release|Win32
		{78812D90-E9B4-4DC6-A856-0FBF0633CDD0}.Release|x86.Build.0 = Release|Win32
		{E98B3025-252A-47F5-B4AB-26F81A2023EE}.Debug|x64.ActiveCfg = Debug|x64
		{E98B3025-252A-47F5-B4AB-26F81A2023EE}.Debug|x64.Build.0 = Debug|x64
		{E98B3025-252A-47F5-B4AB-26F81A2023EE}.Debug|x86.ActiveCfg = Debug|Win32
		{E98B3025-252A-47F5-B4AB-26F81A2023EE}.Debug|x86.Build.0 = Debug|Win32
		{E98B3025-252A-47F5-B4AB-26F81A2023EE}.Release|x64.ActiveCfg = Release|x64
		{E98B3025-252A-47F5-B4AB-26F81A2023EE}.Release|x64.Build.0 = Release|x64
		{E98B3025-252A-47F5-B4AB-26F81A2023EE}.Release|x86.ActiveCfg = Release|Win32
		{E98B3025-252A-47F5-B4AB-26F81A2023EE}.Release|x86.Build.0 = Release|Win32
		{F422D028-C3DD-4DCC-BAAE-B70F6037D4FF}.Debug|x64.ActiveCfg = Debug|x64
		{F422D028-C3DD-4DCC-BAAE-B70F6037D4FF}.Debug|x64.Build.0 = Debug|x64
		{F422D028-C3DD-4DCC-BAAE-B70F6037D4FF}.Debug|x86.ActiveCfg = Debug|Win32
		{F422D028-C3DD-4DCC-BAAE-B70F6037D4FF}.Debug|x86.Build.0 = Debug|Win32
		{F422D028-C3DD-4DCC-BAAE-B70F6037D4FF}.Release|x64.ActiveCfg = Release|x64
		{F422D028-C3DD-4DCC-BAAE-B70F6037D4FF}.Release|x64.Build.0 = Release|x64
		{F422D028-C3DD-4DCC-BAAE-B70F6037D4FF}.Release|x86.ActiveCfg = Release|Win32
		{F422D028-C3DD-4DCC-BAAE-B70F6037D4FF}.Release|x86.Build.0 = Release|Win32
		{309CAFE3-E6AD-4A9A-B96D-5694D4963A2A}.Debug|x64.ActiveCfg = Debug|x64
		{309CAFE3-E6AD-4A9A-B96D-5694D4963A2A}.Debug|x64.Build.0 = Debug|x64
		{309CAFE3-E6AD-4A9A-B96D-5694D4963A2A}.Debug|x86.ActiveCfg = Debug|Win32
		{309CAFE3-E6AD-4A9A-B96D-5694D4963A2A}.Debug|x86.Build.0 = Debug|Win32
		{309CAFE3-E6AD-4A9A-B96D-5694D4963A2A}.Release|x64.ActiveCfg = Release|x64
		{309CAFE3-E6AD-4A9A-B96D-5694D4963A2A}.Release|x64.Build.0 = Release|x64
		{309CAFE3-E6AD-4A9A-B96D-5694D4963A2A}.Release|x86.ActiveCfg = Release|Win32
		{309CAFE3-E6AD-4A9A-B96D-5694D4963A2A}.Release|x86.Build.0 = Release|Win32
		{4D581A12-C30B-4A90-926C-79CB5FDC6944}.Debug|x64.ActiveCfg = Debug|x64
		{4D581A12-C30B-4A90-926C-79CB5FDC6944}.Debug|x64.Build.0 = Debug|x64
		{4D581A12-C30B-4A90-926C-79CB5FDC6944}.Debug|x86.ActiveCfg = Debug|Win32
		{4D581A12-C30B-4A90-926C-79CB5FDC6944}.Debug|x86.Build.0 = Debug|Win32
		{4D581A12-C30B-4A90-926C-79CB5FDC6944}.Release|x64.ActiveCfg = Release|x64
		{4D581A12-C30B-4A90-926C-79CB5FDC6944}.Release|x64.Build.0 = Release|x64
		{4D581A12-C30B-4A90-926C-79CB5FDC6944}.Release|x86.ActiveCfg = Release|Win32
		{4D581A12-C30B-4A90-926C-79CB5FDC6944}.Release|x86.Build.0 = Release|Win32
		{31FD56E1-89C8-4E55-B576-720BD6C360FB}.Debug|x64.ActiveCfg = Debug|x64
		{31FD56E1-89C8-4E55-B576-720BD6C360FB}.Debug|x64.Build.0 = Debug|x64
		{31FD56E1-89C8-4E55-B576-720BD6C360FB}.Debug|x86.ActiveCfg = Debug|Win32
		{31FD56E1-89C8-4E55-B576-720BD6C360FB}.Debug|x86.Build.0 = Debug|Win32
		{31FD56E1-89C8-4E55-B576-720BD6C360FB}.Release|x64.ActiveCfg = Release|x64
		{31FD56E1-89C8-4E55-B576-720BD6C360FB}.Release|x64.Build.0 = Release|x64
		{31FD56E1-89C8-4E55-B576-720BD6C360FB}.Release|x86.ActiveCfg = Release|Win32
		{31FD56E1-89C8-4E55-B576-720BD6C360FB}.Release|x86.Build.0 = Release|Win32
		{6655D29C-4363-461B-BC65-E1A4E7F4B7D6}.Debug|x64.ActiveCfg = Debug|x64
		{6655D29C-4363-461B-BC65-E1A4E7F4B7D6}.Debug|x64.Build.0 = Debug|x64
		{6655D29C-4363-461B-BC65-E1A4E7F4B7D6}.Debug|x86.ActiveCfg = Debug|Win32
		{6655D29C-4363-461B-BC65-E1A4E7F4B7D6}.Debug|x86.Build.0 = Debug|Win32
		{6655D29C-4363-461B-BC65-E1A4E7F4B7D6}.Release|x64.ActiveCfg = Release|x64
		{6655D29C-4363-461B-BC65-E1A4E7F4B7D6}.Release|x64.Build.0 = Release|x64
		{6655D29C-4363-461B-BC65-E1A4E7F4B7D6}.Release|x86.ActiveCfg = Release|Win32
		{6655D29C-4363-461B-BC65-E1A4E7F4B7D6}.Release|x86.Build.0 = Release|Win32
		{E49D3CF1-EB99-40BC-BBB2-66F73E63FD00}.Debug|x64.ActiveCfg = Debug|x64
		{E49D3CF1-EB99-40BC-BBB2-66F73E63FD00}.Debug|x64.Build.0 = Debug|x64
		{E49D3CF1-EB99-40BC-BBB2-66F73E63FD00}.Debug|x86.ActiveCfg = Debug|Win32
		{E49D3CF1-EB99-40BC-BBB2-66F73E63FD00}.Debug|x86.Build.0 = Debug|Win32
		{E49D3CF1-EB99-40BC-BBB2-66F73E63FD00}.Release|x64.ActiveCfg = Release|x64
		{E49D3CF1-EB99-40BC-BBB2-66F73E63FD00}.Release|x64.Build.0 = Release|x64
		{E49D3CF1-EB99-40BC-BBB2-66F73E63FD00}.Release|x86.ActiveCfg = Release|Win32
		{E49D3CF1-EB99-40BC-BBB2-66F73E63FD00}.Release|x86.Build.0 = Release|Win32
		{04241D36-6AB0-4C09-8666-77FD45CFA1D6}.Debug|x64.ActiveCfg = Debug|x64
		{04241D36-6AB0-4C09-8666-77FD45CFA1D6}.Debug|x64.Build.0 = Debug|x64
		{04241D36-6AB0-4C09-8666-77FD45CFA1D6}.Debug|x86.ActiveCfg = Debug|Win32
		{04241D36-6AB0-4C09-8666-77FD45CFA1D6}.Debug|x86.Build.0 = Debug|Win32
		{04241D36-6AB0-4C09-8666-77FD45CFA1D6}.Release|x64.ActiveCfg = Release|x64
		{04241D36-6AB0-4C09-8666-77FD45CFA1D6}.Release|x64.Build.0 = Release|x64
		{04241D36-6AB0-4C09-8666-77FD45CFA1D6}.Release|x86.ActiveCfg = Release|Win32
		{04241D36-6AB0-4C09-8666-77FD45CFA1D6}.Release|x86.Build.0 = Release|Win32
		{AA1FDD58-EBF6-44E2-9A9C-292CAD312B9A}.Debug|x64.ActiveCfg = Debug|x64
		{AA1FDD58-EBF6-44E2-9A9C-292CAD312B9A}.Debug|x64.Build.0 = Debug|x64
		{AA1FDD58-EBF6-44E2-9A9C-292CAD312B9A}.Debug|x86.ActiveCfg = Debug|Win32
		{AA1FDD58-EBF6-44E2-9A9C-292CAD312B9A}.Debug|x86.Build.0 = Debug|Win32
		{AA1FDD58-EBF6-44E2-9A9C-292CAD312B9A}.Release|x64.ActiveCfg = Release|x64
		{AA1FDD58-EBF6-44E2-9A9C-292CAD312B9A}.Release|x64.Build.0 = Release|x64
		{AA1FDD58-EBF6-44E2-9A9C-292CAD312B9A}.Release|x86.ActiveCfg = Release|Win32
		{AA1FDD58-EBF6-44E2-9A9C-292CAD312B9A}.Release|x86.Build.0 = Release|Win32
		{501A0C0D-5E72-4ED6-A38C-03CB198FE1A8}.Debug|x64.ActiveCfg = Debug|x64
		{501A0C0D-5E72-4ED6-A38C-03CB198FE1A8}.Debug|x64.Build.0 = Debug|x64
		{501A0C0D-5E72-4ED6-A38C-03CB198FE1A8}.Debug|x86.ActiveCfg = Debug|Win32
		{501A0C0D-5E72-4ED6-A38C-03CB198FE1A8}.Debug|x86.Build.0 = Debug|Win32
		{501A0C0D-5E72-4ED6-A38C-03CB198FE1A8}.Release|x64.ActiveCfg = Release|x64
		{501A0C0D-5E72-4ED6-A38C-03CB198FE1A8}.Release|x64.Build.0 = Release|x64
		{501A0C0D-5E72-4ED6-A38C-03CB198FE1A8}.Release|x86.ActiveCfg = Release|Win32
		{501A0C0D-5E72-4ED6-A38C-03CB198FE1A8}.Release|x86.Build.0 = Release|Win32
		{93194611-01ED-4A70-99F1-2A40FE96CE58}.Debug|x64.ActiveCfg = Debug|x64
		{93194611-01ED-4A70-99F1-2A40FE96CE58}.Debug|x64.Build.0 = Debug|x64
		{93194611-01ED-4A70-99F1-2A40FE96CE58}.Debug|x86.ActiveCfg = Debug|Win32
		{93194611-01ED-4A70-99F1-2A40FE96CE58}.Debug|x86.Build.0 = Debug|Win32
		{93194611-01ED-4A70-99F1-2A40FE96CE58}.Release|x64.ActiveCfg = Release|x64
		{93194611-01ED-4A70-99F1-2A40FE96CE58}.Release|x64.Build.0 = Release|x64
		{93194611-01ED-4A70-99F1-2A40FE96CE58}.Release|x86.ActiveCfg = Release|Win32
		{93194611-01ED-4A70-99F1-2A40FE96CE58}.Release|x86.Build.0 = Release|Win32
		{8A28CF5A-070F-4535-923D-621D3296AFFB}.Debug|x64.ActiveCfg = Debug|x64
		{8A28CF5A-070F-4535-923D-621D3296AFFB}.Debug|x64.Build.0 = Debug|x64
		{8A28CF5A-070F-4535-923D-621D3296AFFB}.Debug|x86.ActiveCfg = Debug|Win32
		{8A28CF5A-070F-4535-923D-621D3296AFFB}.Debug|x86.Build.0 = Debug|Win32
		{8A28CF5A-070F-4535-923D-621D3296AFFB}.Release|x64.ActiveCfg = Release|x64
		{8A28CF5A-070F-4535-923D-621D3296AFFB}.Release|x64.Build.0 = Release|x64
		{8A28CF5A-070F-4535-923D-621D3296AFFB}.Release|x86.ActiveCfg = Release|Win32
		{8A28CF5A-070F-4535-923D-621D3296AFFB}.Release|x86.Build.0 = Release|Win32
		{7E853147-B0A9-454E-BC3F-56B250CBB869}.Debug|x64.ActiveCfg = Debug|x64
		{7E853147-B0A9-454E-BC3F-56B250CBB869}.Debug|x64.Build.0 = Debug|x64
		{7E853147-B0A9-454E-BC3F-56B250CBB869}.Debug|x86.ActiveCfg = Debug|Win32
		{7E853147-B0A9-454E-BC3F-56B250CBB869}.Debug|x86.Build.0 = Debug|Win32
		{7E853147-B0A9-454E-BC3F-56B250CBB869}.Release|x64.ActiveCfg = Release|x64
		{7E853147-B0A9-454E-BC3F-56B250CBB869}.Release|x64.Build.0 = Release|x64
		{7E853147-B0A9-454E-BC3F-56B250CBB869}.Release|x86.ActiveCfg = Release|Win32
		{7E853147-B0A9-454E-BC3F-56B250CBB869}.Release|x86.Build.0 = Release|Win32
		{164BBCDF-D79A-4678-9F31-06B679E9655B}.Debug|x64.ActiveCfg = Debug|x64
		{164BBCDF-D79A-4678-9F31-06B679E9655B}.Debug|x64.Build.0 = Debug|x64
		{164BBCDF-D79A-4678-9F31-06B679E9655B}.Debug|x86.ActiveCfg = Debug|Win32
		{164BBCDF-D79A-4678-9F31-06B679E9655B}.Debug|x86.Build.0 = Debug|Win32
		{164BBCDF-D79A-4678-9F31-06B679E9655B}.Release|x64.ActiveCfg = Release|x64
		{164BBCDF-D79A-4678-9F31-06B679E9655B}.Release|x64.Build.0 = Release|x64
		{164BBCDF-D79A-4678-9F31-06B679E9655B}.Release|x86.ActiveCfg = Release|Win32
		{164BBCDF-D79A-4678-9F31-06B679E9655B}.Release|x86.Build.0 = Release|Win32
		{E3D7EF06-42E7-4AB3-9540-24A14C571EA4}.Debug|x64.ActiveCfg = Debug|x64
		{E3D7EF06-42E7-4AB3-9540-24A14C571EA4}.Debug|x64.Build.0 = Debug|x64
		{E3D7EF06-42E7-4AB3-9540-24A14C571EA4}.Debug|x86.ActiveCfg = Debug|Win32
		{E3D7EF06-42E7-4AB3-9540-24A14C571EA4}.Debug|x86.Build.0 = Debug|Win32
		{E3D7EF06-42E7-4AB3-9540-24A14C571EA4}.Release|x64.ActiveCfg = Release|x64
		{E3D7EF06-42E7-4AB3-9540-24A14C571EA4}.Release|x64.Build.0 = Release|x64
		{E3D7EF06-42E7-4AB3-9540-24A14C571EA4}.Release|x86.ActiveCfg = Release|Win32
		{E3D7EF06-42E7-4AB3-9540-24A14C571EA4}.Release|x86.Build.0 = Release|Win32
		{9BD4D179-751B-4529-BCCF-2D4F1A79AA31}.Debug|x64.ActiveCfg = Debug|x64
		{9BD4D179-751B-4529-BCCF-2D4F1A79AA31}.Debug|x64.Build.0 = Debug|x64
		{9BD4D179-751B-4529-BCCF-2D4F1A79AA31}.Debug|x86.ActiveCfg = Debug|Win32
		{9BD4D179-751B-4529-BCCF-2D4F1A79AA31}.Debug|x86.Build.0 = Debug|Win32
		{9BD4D179-751B-4529-BCCF-2D4F1A79AA31}.Release|x64.ActiveCfg = Release|x64
		{9BD4D179-751B-4529-BCCF-2D4F1A79AA31}.Release|x64.Build.0 = Release|x64
		{9BD4D179-751B-4529-BCCF-2D4F1A79AA31}.Release|x86.ActiveCfg = Release|Win32
		{9BD4D179-751B-4529-BCCF-2D4F1A79AA31}.Release|x86.Build.0 = Release|Win32
		{41F514A3-14AC-4862-84F4-C9C6D975271B}.Debug|x64.ActiveCfg = Debug|x64
		{41F514A3-14AC-4862-84F4-C9C6D975271B}.Debug|x64.Build.0 = Debug|x64
		{41F514A3-14AC-4862-84F4-C9C6D975271B}.Debug|x86.ActiveCfg = Debug|Win32
		{41F514A3-14AC-4862-84F4-C9C6D975271B}.Debug|x86.Build.0 = Debug|Win32
		{41F514A3-14AC-4862-84F4-C9C6D975271B}.Release|x64.ActiveCfg = Release|x64
		{41F514A3-14AC-4862-84F4-C9C6D975271B}.Release|x64.Build.0 = Release|x64
		{41F514A3-14AC-4862-84F4-C9C6D975271B}.Release|x86.ActiveCfg = Release|Win32
		{41F514A3-14AC-4862-84F4-C9C6D975271B}.Release|x86.Build.0 = Release|Win32
		{6682457C-60DA-46E8-A529-DBDFA4F4761C}.Debug|x64.ActiveCfg = Debug|x64
		{6682457C-60DA-46E8-A529-DBDFA4F4761C}.Debug|x64.Build.0 = Debug|x64
		{6682457C-60DA-46E8-A529-DBDFA4F4761C}.Debug|x86.ActiveCfg = Debug|Win32
		{6682457C-60DA-46E8-A529-DBDFA4F4761C}.Debug|x86.Build.0 = Debug|Win32
		{6682457C-60DA-46E8-A529-DBDFA4F4761C}.Release|x64.ActiveCfg = Release|x64
		{6682457C-60DA-46E8-A529-DBDFA4F4761C}.Release|x64.Build.0 = Release|x64
		{6682457C-60DA-46E8-A529-DBDFA4F4761C}.Release|x86.ActiveCfg = Release|Win32
		{6682457C-60DA-46E8-A529-DBDFA4F4761C}.Release|x86.Build.0 = Release|Win32
		{B0E8DE49-6779-48CB-A1AA-C14428DA41A4}.Debug|x64.ActiveCfg = Debug|x64
		{B0E8DE49-6779-48CB-A1AA-C14428DA41A4}.Debug|x64.Build.0 = Debug|x64
		{B0E8DE49-6779-48CB-A1AA-C14428DA41A4}.Debug|x86.ActiveCfg = Debug|Win32
		{B0E8DE49-6779-48CB-A1AA-C14428DA41A4}.Debug|x86.Build.0 = Debug|Win32
		{B0E8DE49-6779-48CB-A1AA-C14428DA41A4}.Release|x64.ActiveCfg = Release|x64
		{B0E8DE49-6779-48CB-A1AA-C14428DA41A4}.Release|x64.Build.0 = Release|x64
		{B0E8DE49-6779-48CB-A1AA-C14428DA41A4}.Release|x86.ActiveCfg = Release|Win32
		{B0E8DE49-6779-48CB-A1AA-C14428DA41A4}.Release|x86.Build.0 = Release|Win32
		{761770B6-0122-4748-B7DE-EDC4C9B5E910}.Debug|x64.ActiveCfg = Debug|x64
		{761770B6-0122-4748-B7DE-EDC4C9B5E910}.Debug|x64.Build.0 = Debug|x64
		{761770B6-0122-4748-B7DE-EDC4C9B5E910}.Debug|x86.ActiveCfg = Debug|Win32
		{761770B6-0122-4748-B7DE-EDC4C9B5E910}.Debug|x86.Build.0 = Debug|Win32
		{761770B6-0122-4748-B7DE-EDC4C9B5E910}.Release|x64.ActiveCfg = Release|x64
		{761770B6-0122-4748-B7DE-EDC4C9B5E910}.Release|x64.Build.0 = Release|x64
		{761770B6-0122-4748-B7DE-EDC4C9B5E910}.Release|x86.ActiveCfg = Release|Win32
		{761770B6-0122-4748-B7DE-EDC4C9B5E910}.Release|x86.Build.0 = Release|Win32
		{5F9C6C30-A934-4922-A7D6-90F15735CF5A}.Debug|x64.ActiveCfg = Debug|x64
		{5F9C6C30-A934-4922-A7D6-90F15735CF5A}.Debug|x64.Build.0 = Debug|x64
		{5F9C6C30-A934-4922-A7D6-90F15735CF5A}.Debug|x86.ActiveCfg = Debug|Win32
		{5F9C6C30-A934-4922-A7D6-90F15735CF5A}.Debug|x86.Build.0 = Debug|Win32
		{5F9C6C30-A934-4922-A7D6-90F15735CF5A}.Release|x64.ActiveCfg = Release|x64
		{5F9C6C30-A934-4922-A7D6-90F15735CF5A}.Release|x64.Build.0 = Release|x64
		{5F9C6C30-A934-4922-A7D6-90F15735CF5A}.Release|x86.ActiveCfg = Release|Win32
		{5F9C6C30-A934-4922-A7D6-90F15735CF5A}.Release|x86.Build.0 = Release|Win32
		{737E5D73-61E3-4958-97A5-FEBF82D840C7}.Debug|x64.ActiveCfg = Debug|x64
		{737E5D73-61E3-4958-97A5-FEBF82D840C7}.Debug|x64.Build.0 = Debug|x64
		{737E5D73-61E3-4958-97A5-FEBF82D840C7}.Debug|x86.ActiveCfg = Debug|Win32
		{737E5D73-61E3-4958-97A5-FEBF82D840C7}.Debug|x86.Build.0 = Debug|Win32
		{737E5D73-61E3-4958-97A5-FEBF82D840C7}.Release|x64.ActiveCfg = Release|x64
		{737E5D73-61E3-4958-97A5-FEBF82D840C7}.Release|x64.Build.0 = Release|x64
		{737E5D73-61E3-4958-97A5-FEBF82D840C7}.Release|x86.ActiveCfg = Release|Win32
		{737E5D73-61E3-4958-97A5-FEBF82D840C7}.Release|x86.Build.0 = Release|Win32
		{AE9771D1-A500-4D20-8558-352B081599FF}.Debug|x64.ActiveCfg = Debug|x64
		{AE9771D1-A500-4D20-8558-352B081599FF}.Debug|x64.Build.0 = Debug|x64
		{AE9771D1-A500-4D20-8558-352B081599FF}.Debug|x86.ActiveCfg = Debug|Win32
		{AE9771D1-A500-4D20-8558-352B081599FF}.Debug|x86.Build.0 = Debug|Win32
		{AE9771D1-A500-4D20-8558-352B081599FF}.Release|x64.ActiveCfg = Release|x64
		{AE9771D1-A500-4D20-8558-352B081599FF}.Release|x64.Build.0 = Release|x64
		{AE9771D1-A500-4D20-8558-352B081599FF}.Release|x86.ActiveCfg = Release|Win32
		{AE9771D1-A500-4D20-8558-352B081599FF}.Release|x86.Build.0 = Release|Win32
		{801FF1DE-B80B-46BC-A632-674BBB957841}.Debug|x64.ActiveCfg = Debug|x64
		{801FF1DE-B80B-46BC-A632-674BBB957841}.Debug|x64.Build.0 = Debug|x64
		{801FF1DE-B80B-46BC-A632-674BBB957841}.Debug|x86.ActiveCfg = Debug|Win32
		{801FF1DE-B80B-46BC-A632-674BBB957841}.Debug|x86.Build.0 = Debug|Win32
		{801FF1DE-B80B-46BC-A632-674BBB957841}.Release|x64.ActiveCfg = Release|x64
		{801FF1DE-B80B-46BC-A632-674BBB957841}.Release|x64.Build.0 = Release|x64
		{801FF1DE-B80B-46BC-A632-674BBB957841}.Release|x86.ActiveCfg = Release|Win32
		{801FF1DE-B80B-46BC-A632-674BBB957841}.Release|x86.Build.0 = Release|Win32
		{F4D1A5B1-F4EF-4936-8C6B-DDD368D6AD2C}.Debug|x64.ActiveCfg = Debug|x64
		{F4D1A5B1-F4EF-4936-8C6B-DDD368D6AD2C}.Debug|x64.Build.0 = Debug|x64
		{F4D1A5B1-F4EF-4936-8C6B-DDD368D6AD2C}.Debug|x86.ActiveCfg = Debug|Win32
		{F4D1A5B1-F4EF-4936-8C6B-DDD368D6AD2C}.Debug|x86.Build.0 = Debug|Win32
		{F4D1A5B1-F4EF-4936-8C6B-DDD368D6AD2C}.Release|x64.ActiveCfg = Release|x64
		{F4D1A5B1-F4EF-4936-8C6B-DDD368D6AD2C}.Release|x64.Build.0 = Release|x64
		{F4D1A5B1-F4EF-4936-8C6B-DDD368D6AD2C}.Release|x86.ActiveCfg = Release|Win32
		{F4D1A5B1-F4EF-4936-8C6B-DDD368D6AD2C}.Release|x86.Build.0 = Release|Win32
		{7C0F8919-9925-46E3-8F4D-DF9F2CB12288}.Debug|x64.ActiveCfg = Debug|x64
		{7C0F8919-9925-46E3-8F4D-DF9F2CB12288}.Debug|x64.Build.0 = Debug|x64
		{7C0F8919-9925-46E3-8F4D-DF9F2CB12288}.Debug|x86.ActiveCfg = Debug|Win32
		{7C0F8919-9925-46E3-8F4D-DF9F2CB12288}.Debug|x86.Build.0 = Debug|Win32
		{7C0F8919-9925-46E3-8F4D-DF9F2CB12288}.Release|x64.ActiveCfg = Release|x64
		{7C0F8919-9925-46E3-8F4D-DF9F2CB12288}.Release|x64.Build.0 = Release|x64
		{7C0F8919-9925-46E3-8F4D-DF9F2CB12288}.Release|x86.ActiveCfg = Release|Win32
		{7C0F8919-9925-46E3-8F4D-DF9F2CB12288}.Release|x86.Build.0 = Release|Win32
		{3D4C999D-75A9-4277-B051-0BEAE7D72F21}.Debug|x64.ActiveCfg = Debug|x64
		{3D4C999D-75A9-4277-B051-0BEAE7D72F21}.Debug|x64.Build.0 = Debug|x64
		{3D4C999D-75A9-4277-B051-0BEAE7D72F21}.Debug|x86.ActiveCfg = Debug|Win32
		{3D4C999D-75A9-4277-B051-0BEAE7D72F21}.Debug|x86.Build.0 = Debug|Win32
		{3D4C999D-75A9-4277-B051-0BEAE7D72F21}.Release|x64.ActiveCfg = Release|x64
		{3D4C999D-75A9-4277-B051-0BEAE7D72F21}.Release|x64.Build.0 = Release|x64
		{3D4C999D-75A9-4277-B051-0BEAE7D72F21}.Release|x86.ActiveCfg = Release|Win32
		{3D4C999D-75A9-4277-B051-0BEAE7D72F21}.Release|x86.Build.0 = Release|Win32
		{F354A80C-7872-4FDD-A8FF-C4B2328FC9D6}.Debug|x64.ActiveCfg = Debug|x64
		{F354A80C-7872-4FDD-A8FF-C4B2328FC9D6}.Debug|x64.Build.0 = Debug|x64
		{F354A80C-7872-4FDD-A8FF-C4B2328FC9D6}.Debug|x86.ActiveCfg = Debug|Win32
		{F354A80C-7872-4FDD-A8FF-C4B2328FC9D6}.Debug|x86.Build.0 = Debug|Win32
		{F354A80C-7872-4FDD-A8FF-C4B2328FC9D6}.Release|x64.ActiveCfg = Release|x64
		{F354A80C-7872-4FDD-A8FF-C4B2328FC9D6}.Release|x64.Build.0 = Release|x64
		{F354A80C-7872-4FDD-A8FF-C4B2328FC9D6}.Release|x86.ActiveCfg = Release|Win32
		{F354A80C-7872-4FDD-A8FF-C4B2328FC9D6}.Release|x86.Build.0 = Release|Win32
		{093E478D-0DE3-4D3B-969D-1967864E4371}.Debug|x64.ActiveCfg = Debug|x64
		{093E478D-0DE3-4D3B-969D-1967864E4371}.Debug|x64.Build.0 = Debug|x64
		{093E478D-0DE3-4D3B-969D-1967864E4371}.Debug|x86.ActiveCfg = Debug|Win32
		{093E478D-0DE3-4D3B-969D-1967864E4371}.Debug|x86.Build.0 = Debug|Win32
		{093E478D-0DE3-4D3B-969D-1967864E4371}.Release|x64.ActiveCfg = Release|x64
		{093E478D-0DE3-4D3B-969D-1967864E4371}.Release|x64.Build.0 = Release|x64
		{093E478D-0DE3-4D3B-969D-1967864E4371}.Release|x86.ActiveCfg = Release|Win32
		{093E478D-0DE3-4D3B-969D-1967864E4371}.Release|x86.Build.0 = Release|Win32
		{A70E8A51-3498-49F0-A2BB-61DDE8C4B9B4}.Debug|x64.ActiveCfg = Debug|x64
		{A70E8A51-3498-49F0-A2BB-61DDE8C4B9B4}.Debug|x64.Build.0 = Debug|x64
		{A70E8A51-3498-49F0-A2BB-61DDE8C4B9B4}.Debug|x86.ActiveCfg = Debug|Win32
		{A70E8A51-3498-49F0-A2BB-61DDE8C4B9B4}.Debug|x86.Build.0 = Debug|Win32
		{A70E8A51-3498-49F0-A2BB-61DDE8C4B9B4}.Release|x64.ActiveCfg = Release|x64
		{A70E8A51-3498-49F0-A2BB-61DDE8C4B9B4}.Release|x64.Build.0 = Release|x64
		{A70E8A51-3498-49F0-A2BB-61DDE8C4B9B4}.Release|x86.ActiveCfg = Release|Win32
		{A70E8A51-3498-49F0-A2BB-61DDE8C4B9B4}.Release|x86.Build.0 = Release|Win32
		{31AE081B-FAB1-4047-9827-33242F103A0A}.Debug|x64.ActiveCfg = Debug|x64
		{31AE081B-FAB1-4047-9827-33242F103A0A}.Debug|x64.Build.0 = Debug|x64
		{31AE081B-FAB1-4047-9827-33242F103A0A}.Debug|x86.ActiveCfg = Debug|Win32
		{31AE081B-FAB1-4047-9827-33242F103A0A}.Debug|x86.Build.0 = Debug|Win32
		{31AE081B-FAB1-4047-9827-33242F103A0A}.Release|x64.ActiveCfg = Release|x64
		{31AE081B-FAB1-4047-9827-33242F103A0A}.Release|x64.Build.0 = Release|x64
		{31AE081B-FAB1-4047-9827-33242F103A0A}.Release|x86.ActiveCfg = Release|Win32
		{31AE081B-FAB1-4047-9827-33242F103A0A}.Release|x86.Build.0 = Release|Win32
		{40A8CFAE-91C8-4693-BC2C-59E93A09B057}.Debug|x64.ActiveCfg = Debug|x64
		{40A8CFAE-91C8-4693-BC2C-59E93A09B057}.Debug|x64.Build.0 = Debug|x64
		{40A8CFAE-91C8-4693-BC2C-59E93A09B057}.Debug|x86.ActiveCfg = Debug|Win32
		{40A8CFAE-91C8-4693-BC2C-59E93A09B057}.Debug|x86.Build.0 = Debug|Win32
		{40A8CFAE-91C8-4693-BC2C-59E93A09B057}.Release|x64.ActiveCfg = Release|x64
		{40A8CFAE-91C8-4693-BC2C-59E93A09B057}.Release|x64.Build.0 = Release|x64
		{40A8CFAE-91C8-4693-BC2C-59E93A09B057}.Release|x86.ActiveCfg = Release|Win32
		{40A8CFAE-91C8-4693-BC2C-59E93A09B057}.Release|x86.Build.0 = Release|Win32
		{3C931AF4-51EF-48E9-8826-2F16DDE34552}.Debug|x64.ActiveCfg = Debug|x64
		{3C931AF4-51EF-48E9-8826-2F16DDE34552}.Debug|x64.Build.0 = Debug|x64
		{3C931AF4-51EF-48E9-8826-2F16DDE34552}.Debug|x86.ActiveCfg = Debug|Win32
		{3C931AF4-51EF-48E9-8826-2F16DDE34552}.Debug|x86.Build.0 = Debug|Win32
		{3C931AF4-51EF-48E9-8826-2F16DDE34552}.Release|x64.ActiveCfg = Release|x64
		{3C931AF4-51EF-48E9-8826-2F16DDE34552}.Release|x64.Build.0 = Release|x64
		{3C931AF4-51EF-48E9-8826-2F16DDE34552}.Release|x86.ActiveCfg = Release|Win32
		{3C931AF4-51EF-48E9-8826-2F16DDE34552}.Release|x86.Build.0 = Release|Win32
		{767FDB3B-3C2C-4907-AEAC-D5012158D899}.Debug|x64.ActiveCfg = Debug|x64
		{767FDB3B-3C2C-4907-AEAC-D5012158D899}.Debug|x64.Build.0 = Debug|x64
		{767FDB3B-3C2C-4907-AEAC-D5012158D899}.Debug|x86.ActiveCfg = Debug|Win32
		{767FDB3B-3C2C-4907-AEAC-D5012158D899}.Debug|x86.Build.0 = Debug|Win32
		{767FDB3B-3C2C-4907-AEAC-D5012158D899}.Release|x64.ActiveCfg = Release|x64
		{767FDB3B-3C2C-4907-AEAC-D5012158D899}.Release|x64.Build.0 = Release|x64
		{767FDB3B-3C2C-4907-AEAC-D5012158D899}.Release|x86.ActiveCfg = Release|Win32
		{767FDB3B-3C2C-4907-AEAC-D5012158D899}.Release|x86.Build.0 = Release|Win32
		{649EB68B-E24A-48B8-B091-F0BD73EDA556}.Debug|x64.ActiveCfg = Debug|x64
		{649EB68B-E24A-48B8-B091-F0BD73EDA556}.Debug|x64.Build.0 = Debug|x64
		{649EB68B-E24A-48B8-B091-F0BD73EDA556}.Debug|x86.ActiveCfg = Debug|Win32
		{649EB68B-E24A-48B8-B091-F0BD73EDA556}.Debug|x86.Build.0 = Debug|Win32
		{649EB68B-E24A-48B8-B091-F0BD73EDA556}.Release|x64.ActiveCfg = Release|x64
		{649EB68B-E24A-48B8-B091-F0BD73EDA556}.Release|x64.Build.0 = Release|x64
		{649EB68B-E24A-48B8-B091-F0BD73EDA556}.Release|x86.ActiveCfg = Release|Win32
		{649EB68B-E24A-48B8-B091-F0BD73EDA556}.Release|x86.Build.0 = Release|Win32
		{D6EC3969-333B-4D1B-AA39-197ED73E7B02}.Debug|x64.ActiveCfg = Debug|x64
		{D6EC3969-333B-4D1B-AA39-197ED73E7B02}.Debug|x64.Build.0 = Debug|x64
		{D6EC3969-333B-4D1B-AA39-197ED73E7B02}.Debug|x86.ActiveCfg = Debug|Win32
		{D6EC3969-333B-4D1B-AA39-197ED73E7B02}.Debug|x86.Build.0 = Debug|Win32
		{D6EC3969-333B-4D1B-AA39-197ED73E7B02}.Release|x64.ActiveCfg = Release|x64
		{D6EC3969-333B-4D1B-AA39-197ED73E7B02}.Release|x64.Build.0 = Release|x64
		{D6EC3969-333B-4D1B-AA39-197ED73E7B02}.Release|x86.ActiveCfg = Release|Win32
		{D6EC3969-333B-4D1B-AA39-197ED73E7B02}.Release|x86.Build.0 = Release|Win32
		{92DFBB00-70BD-4A7C-B532-8909B8EE3B46}.Debug|x64.ActiveCfg = Debug|x64
		{92DFBB00-70BD-4A7C-B532-8909B8EE3B46}.Debug|x64.Build.0 = Debug|x64
		{92DFBB00-70BD-4A7C-B532-8909B8EE3B46}.Debug|x86.ActiveCfg = Debug|Win32
		{92DFBB00-70BD-4A7C-B532-8909B8EE3B46}.Debug|x86.Build.0 = Debug|Win32
		{92DFBB00-70BD-4A7C-B532-8909B8EE3B46}.Release|x64.ActiveCfg = Release|x64
		{92DFBB00-70BD-4A7C-B532-8909B8EE3B46}.Release|x64.Build.0 = Release|x64
		{92DFBB00-70BD-4A7C-B532-8909B8EE3B46}.Release|x86.ActiveCfg = Release|Win32
		{92DFBB00-70BD-4A7C-B532-8909B8EE3B46}.Release|x86.Build.0 = Release|Win32
		{B524A698-DF83-48C2-88B4-DC7947359800}.Debug|x64.ActiveCfg = Debug|x64
		{B524A698-DF83-48C2-88B4-DC7947359800}.Debug|x64.Build.0 = Debug|x64
		{B524A698-DF83-48C2-88B4-DC7947359800}.Debug|x86.ActiveCfg = Debug|Win32
		{B524A698-DF83-48C2-88B4-DC7947359800}.Debug|x86.Build.0 = Debug|Win32
		{B524A698-DF83-48C2-88B4-DC7947359800}.Release|x64.ActiveCfg = Release|x64
		{B524A698-DF83-48C2-88B4-DC7947359800}.Release|x64.Build.0 = Release|x64
		{B524A698-DF83-48C2-88B4-DC7947359800}.Release|x86.ActiveCfg = Release|Win32
		{B524A698-DF83-48C2-88B4-DC7947359800}.Release|x86.Build.0 = Release|Win32
		{35C1E6B4-AD84-46F0-8E9F-3630981D0E21}.Debug|x64.ActiveCfg = Debug|x64
		{35C1E6B4-AD84-46F0-8E9F-3630981D0E21}.Debug|x64.Build.0 = Debug|x64
		{35C1E6B4-AD84-46F0-8E9F-3630981D0E21}.Debug|x86.ActiveCfg = Debug|Win32
		{35C1E6B4-AD84-46F0-8E9F-3630981D0E21}.Debug|x86.Build.0 = Debug|Win32
		{35C1E6B4-AD84-46F0-8E9F-3630981D0E21}.Release|x64.ActiveCfg = Release|x64
		{35C1E6B4-AD84-46F0-8E9F-3630981D0E21}.Release|x64.Build.0 = Release|x64
		{35C1E6B4-AD84-46F0-8E9F-3630981D0E21}.Release|x86.ActiveCfg = Release|Win32
		{35C1E6B4-AD84-46F0-8E9F-3630981D0E21}.Release|x86.Build.0 = Release|Win32
		{1B511CFF-8361-440E-83E3-9ABD1AE228C2}.Debug|x64.ActiveCfg = Debug|x64
		{1B511CFF-8361-440E-83E3-9ABD1AE228C2}.Debug|x64.Build.0 = Debug|x64
		{1B511CFF-8361-440E-83E3-9ABD1AE228C2}.Debug|x86.ActiveCfg = Debug|Win32
		{1B511CFF-8361-440E-83E3-9ABD1AE228C2}.Debug|x86.Build.0 = Debug|Win32
		{1B511CFF-8361-440E-83E3-9ABD1AE228C2}.Release|x64.ActiveCfg = Release|x64
		{1B511CFF-8361-440E-83E3-9ABD1AE228C2}.Release|x64.Build.0 = Release|x64
		{1B511CFF-8361-440E-83E3-9ABD1AE228C2}.Release|x86.ActiveCfg = Release|Win32
		{1B511CFF-8361-440E-83E3-9ABD1AE228C2}.Release|x86.Build.0 = Release|Win32
		{EE9F88B9-8C7A-4912-9F22-1F486E813B12}.Debug|x64.ActiveCfg = Debug|x64
		{EE9F88B9-8C7A-4912-9F22-1F486E813B12}.Debug|x64.Build.0 = Debug|x64
		{EE9F88B9-8C7A-4912-9F22-1F486E813B12}.Debug|x86.ActiveCfg = Debug|Win32
		{EE9F88B9-8C7A-4912-9F22-1F486E813B12}.Debug|x86.Build.0 = Debug|Win32
		{EE9F88B9-8C7A-4912-9F22-1F486E813B12}.Release|x64.ActiveCfg = Release|x64
		{EE9F88B9-8C7A-4912-9F22-1F486E813B12}.Release|x64.Build.0 = Release|x64
		{EE9F88B9-8C7A-4912-9F22-1F486E813B12}.Release|x86.ActiveCfg = Release|Win32
		{EE9F88B9-8C7A-4912-9F22-1F486E813B12}.Release|x86.Build.0 = Release|Win32
		{4E7D01A7-7C53-4AD1-94EB-C143B5AACA3E}.Debug|x64.ActiveCfg = Debug|x64
		{4E7D01A7-7C53-4AD1-94EB-C143B5AACA3E}.Debug|x64.Build.0 = Debug|x64
		{4E7D01A7-7C53-4AD1-94EB-C143B5AACA3E}.Debug|x86.ActiveCfg = Debug|Win32
		{4E7D01A7-7C53-4AD1-94EB-C143B5AACA3E}.Debug|x86.Build.0 = Debug|Win32
		{4E7D01A7-7C53-4AD1-94EB-C143B5AACA3E}.Release|x64.ActiveCfg = Release|x64
		{4E7D01A7-7C53-4AD1-94EB-C143B5AACA3E}.Release|x64.Build.0 = Release|x64
		{4E7D01A7-7C53-4AD1-94EB-C143B5AACA3E}.Release|x86.ActiveCfg = Release|Win32
		{4E7D01A7-7C53-4AD1-94EB-C143B5AACA3E}.Release|x86.Build.0 = Release|Win32
		{E8F02FF4-6A38-4180-B50F-C1A97D6FADF4}.Debug|x64.ActiveCfg = Debug|x64
		{E8F02FF4-6A38-4180-B50F-C1A97D6FADF4}.Debug|x64.Build.0 = Debug|x64
		{E8F02FF4-6A38-4180-B50F-C1A97D6FADF4}.Debug|x86.ActiveCfg = Debug|Win32
		{E8F02FF4-6A38-4180-B50F-C1A97D6FADF4}.Debug|x86.Build.0 = Debug|Win32
		{E8F02FF4-6A38-4180-B50F-C1A97D6FADF4}.Release|x64.ActiveCfg = Release|x64
		{E8F02FF4-6A38-4180-B50F-C1A97D6FADF4}.Release|x64.Build.0 = Release|x64
		{E8F02FF4-6A38-4180-B50F-C1A97D6FADF4}.Release|x86.ActiveCfg = Release|Win32
		{E8F02FF4-6A38-4180-B50F-C1A97D6FADF4}.Release|x86.Build.0 = Release|Win32
		{F4FAAD6B-C966-44E0-9D3F-A10ACFFCC515}.Debug|x64.ActiveCfg = Debug|x64
		{F4FAAD6B-C966-44E0-9D3F-A10ACFFCC515}.Debug|x64.Build.0 = Debug|x64
		{F4FAAD6B-C966-44E0-9D3F-A10ACFFCC515}.Debug|x86.ActiveCfg = Debug|Win32
		{F4FAAD6B-C966-44E0-9D3F-A10ACFFCC515}.Debug|x86.Build.0 = Debug|Win32
		{F4FAAD6B-C966-44E0-9D3F-A10ACFFCC515}.Release|x64.ActiveCfg = Release|x64
		{F4FAAD6B-C966-44E0-9D3F-A10ACFFCC515}.Release|x64.Build.0 = Release|x64
		{F4FAAD6B-C966-44E0-9D3F-A10ACFFCC515}.Release|x86.ActiveCfg = Release|Win32
		{F4FAAD6B-C966-44E0-9D3F-A10ACFFCC515}.Release|x86.Build.0 = Release|Win32
	EndGlobalSection
	GlobalSection(SolutionProperties) = preSolution
		HideSolutionNode = FALSE
	EndGlobalSection
	GlobalSection(ExtensibilityGlobals) = postSolution
		SolutionGuid = {3A6A004D-9D4F-49A6-8A87-290D08140404}
	EndGlobalSection
EndGlobal
